// !$*UTF8*$!
{
	archiveVersion = 1;
	classes = {
	};
	objectVersion = 51;
	objects = {

/* Begin PBXBuildFile section */
		470FB6F922EF70240088A3EC /* LocationManager.m in Sources */ = {isa = PBXBuildFile; fileRef = 470FB6F822EF70240088A3EC /* LocationManager.m */; };
		470FB71722EF713F0088A3EC /* User.m in Sources */ = {isa = PBXBuildFile; fileRef = 470FB71322EF713F0088A3EC /* User.m */; };
		470FB71A22EF71780088A3EC /* Watches.m in Sources */ = {isa = PBXBuildFile; fileRef = 470FB71922EF71780088A3EC /* Watches.m */; };
		470FB72C22F0C09B0088A3EC /* Conversation.m in Sources */ = {isa = PBXBuildFile; fileRef = 470FB72B22F0C09B0088A3EC /* Conversation.m */; };
		47185EBE22FCED8100674C81 /* Assets.xcassets in Resources */ = {isa = PBXBuildFile; fileRef = 47185EBD22FCED8100674C81 /* Assets.xcassets */; };
		47185EC122FD4BDD00674C81 /* SwipeRecord.m in Sources */ = {isa = PBXBuildFile; fileRef = 47185EC022FD4BDD00674C81 /* SwipeRecord.m */; };
		47415D0F22F956D700AF4C16 /* UILabel+Boldify.m in Sources */ = {isa = PBXBuildFile; fileRef = 47415D0E22F956D700AF4C16 /* UILabel+Boldify.m */; };
		47486BA822F3626E00DE6D8E /* CoreDataManager.m in Sources */ = {isa = PBXBuildFile; fileRef = 47486BA722F3626E00DE6D8E /* CoreDataManager.m */; };
		47486BBA22F3D65500DE6D8E /* Review.m in Sources */ = {isa = PBXBuildFile; fileRef = 47486BB922F3D65500DE6D8E /* Review.m */; };
		47486BCF22F4ECEA00DE6D8E /* ReviewTableViewCell.m in Sources */ = {isa = PBXBuildFile; fileRef = 47486BCE22F4ECEA00DE6D8E /* ReviewTableViewCell.m */; };
		47486BD222F566C200DE6D8E /* ParseDatabaseManager.m in Sources */ = {isa = PBXBuildFile; fileRef = 47486BD122F566C200DE6D8E /* ParseDatabaseManager.m */; };
		477B581522FC069100003AAB /* ReviewDetailsViewController.m in Sources */ = {isa = PBXBuildFile; fileRef = 477B581422FC069100003AAB /* ReviewDetailsViewController.m */; };
		47A8A9A622DE3A30005D9520 /* AppDelegate.m in Sources */ = {isa = PBXBuildFile; fileRef = 47A8A9A522DE3A30005D9520 /* AppDelegate.m */; };
		47A8A9AC22DE3A30005D9520 /* Main.storyboard in Resources */ = {isa = PBXBuildFile; fileRef = 47A8A9AA22DE3A30005D9520 /* Main.storyboard */; };
		47A8A9B122DE3A32005D9520 /* LaunchScreen.storyboard in Resources */ = {isa = PBXBuildFile; fileRef = 47A8A9AF22DE3A32005D9520 /* LaunchScreen.storyboard */; };
		47A8A9B422DE3A32005D9520 /* main.m in Sources */ = {isa = PBXBuildFile; fileRef = 47A8A9B322DE3A32005D9520 /* main.m */; };
		47A8A9BE22DE3A32005D9520 /* Dorm_a_ShopTests.m in Sources */ = {isa = PBXBuildFile; fileRef = 47A8A9BD22DE3A32005D9520 /* Dorm_a_ShopTests.m */; };
		47A8A9C922DE3A32005D9520 /* Dorm_a_ShopUITests.m in Sources */ = {isa = PBXBuildFile; fileRef = 47A8A9C822DE3A32005D9520 /* Dorm_a_ShopUITests.m */; };
		47A8A9DB22DE42E5005D9520 /* Post.m in Sources */ = {isa = PBXBuildFile; fileRef = 47A8A9DA22DE42E5005D9520 /* Post.m */; };
		47A8A9E022DE453C005D9520 /* HomeScreenViewController.m in Sources */ = {isa = PBXBuildFile; fileRef = 47A8A9DF22DE453C005D9520 /* HomeScreenViewController.m */; };
		47A8A9E522DE45EF005D9520 /* PostTableViewCell.m in Sources */ = {isa = PBXBuildFile; fileRef = 47A8A9E422DE45EF005D9520 /* PostTableViewCell.m */; };
		47A8A9EB22DE7B2B005D9520 /* DetailsViewController.m in Sources */ = {isa = PBXBuildFile; fileRef = 47A8A9EA22DE7B2B005D9520 /* DetailsViewController.m */; };
		47A8A9F122E12528005D9520 /* WatchListViewController.m in Sources */ = {isa = PBXBuildFile; fileRef = 47A8A9F022E12528005D9520 /* WatchListViewController.m */; };
		4D6E9F6C086D7869B5467E8A /* Pods_Dorm_a_Shop.framework in Frameworks */ = {isa = PBXBuildFile; fileRef = 4268938640FC639A22F54977 /* Pods_Dorm_a_Shop.framework */; };
		90D753A1636A3A9534074E8F /* Pods_Dorm_a_ShopTests.framework in Frameworks */ = {isa = PBXBuildFile; fileRef = B0F27A5835AC43FFDCD492CA /* Pods_Dorm_a_ShopTests.framework */; };
		DE307FFD22DE7BE900418DE3 /* UploadViewController.m in Sources */ = {isa = PBXBuildFile; fileRef = DE307FFC22DE7BE900418DE3 /* UploadViewController.m */; };
		DE30800022DFD20500418DE3 /* ProfileViewController.m in Sources */ = {isa = PBXBuildFile; fileRef = DE307FFF22DFD20500418DE3 /* ProfileViewController.m */; };
		DE4DE33022FCE168009B3A56 /* UIButton+Expandable.m in Sources */ = {isa = PBXBuildFile; fileRef = DE4DE32E22FCE168009B3A56 /* UIButton+Expandable.m */; };
		DE4DE33522FCE6D2009B3A56 /* MatchedViewController.m in Sources */ = {isa = PBXBuildFile; fileRef = DE4DE33422FCE6D2009B3A56 /* MatchedViewController.m */; };
		DE4FCFD422E66FE500B1311F /* InboxViewController.m in Sources */ = {isa = PBXBuildFile; fileRef = DE4FCFD322E66FE500B1311F /* InboxViewController.m */; };
		DE4FCFD722E6744100B1311F /* MessageViewController.m in Sources */ = {isa = PBXBuildFile; fileRef = DE4FCFD622E6744100B1311F /* MessageViewController.m */; };
		DE4FCFDA22E686DF00B1311F /* EditProfileVC.m in Sources */ = {isa = PBXBuildFile; fileRef = DE4FCFD922E686DE00B1311F /* EditProfileVC.m */; };
		DE4FD01122EA3D1100B1311F /* DormAShop.xcdatamodeld in Sources */ = {isa = PBXBuildFile; fileRef = DE4FD00F22EA3D1100B1311F /* DormAShop.xcdatamodeld */; };
		DE877D6422FA3CC900C35587 /* ARViewController.swift in Sources */ = {isa = PBXBuildFile; fileRef = DE877D6322FA3CC900C35587 /* ARViewController.swift */; };
		DE877D7022FA3EB500C35587 /* ship.scn in Resources */ = {isa = PBXBuildFile; fileRef = DE877D6622FA3EB300C35587 /* ship.scn */; };
		DE877D7122FA3EB500C35587 /* ship.png in Resources */ = {isa = PBXBuildFile; fileRef = DE877D6722FA3EB300C35587 /* ship.png */; };
		DE877D7222FA3EB500C35587 /* chair.scn in Resources */ = {isa = PBXBuildFile; fileRef = DE877D6922FA3EB300C35587 /* chair.scn */; };
		DE877D7322FA3EB500C35587 /* chair_METALLIC.png in Resources */ = {isa = PBXBuildFile; fileRef = DE877D6B22FA3EB300C35587 /* chair_METALLIC.png */; };
		DE877D7422FA3EB500C35587 /* chair_SHADOW.png in Resources */ = {isa = PBXBuildFile; fileRef = DE877D6C22FA3EB300C35587 /* chair_SHADOW.png */; };
		DE877D7522FA3EB500C35587 /* chair_ROUGHNESS.png in Resources */ = {isa = PBXBuildFile; fileRef = DE877D6D22FA3EB300C35587 /* chair_ROUGHNESS.png */; };
		DE877D7622FA3EB500C35587 /* chair_DIFFUSE.png in Resources */ = {isa = PBXBuildFile; fileRef = DE877D6E22FA3EB300C35587 /* chair_DIFFUSE.png */; };
		DE877D7722FA3EB500C35587 /* chair_NORMAL.png in Resources */ = {isa = PBXBuildFile; fileRef = DE877D6F22FA3EB300C35587 /* chair_NORMAL.png */; };
		DE877D7A22FA3F6100C35587 /* NSNotificationCenter+MainThread.m in Sources */ = {isa = PBXBuildFile; fileRef = DE877D7922FA3F6000C35587 /* NSNotificationCenter+MainThread.m */; };
		DEA2B53622F4AE4D00FC71DB /* SellerReviewsViewController.m in Sources */ = {isa = PBXBuildFile; fileRef = DEA2B53422F4AE4C00FC71DB /* SellerReviewsViewController.m */; };
		DEA2B53922F4AE7800FC71DB /* ComposeReviewViewController.m in Sources */ = {isa = PBXBuildFile; fileRef = DEA2B53822F4AE7800FC71DB /* ComposeReviewViewController.m */; };
		DED744F822DFE0A400394748 /* PostCollectionViewCell.m in Sources */ = {isa = PBXBuildFile; fileRef = DED744F722DFE0A400394748 /* PostCollectionViewCell.m */; };
		DEFE7C8922E640DF006E3096 /* SearchViewController.m in Sources */ = {isa = PBXBuildFile; fileRef = DEFE7C8822E640DF006E3096 /* SearchViewController.m */; };
		DEFE7C8C22E64347006E3096 /* UserCell.m in Sources */ = {isa = PBXBuildFile; fileRef = DEFE7C8B22E64347006E3096 /* UserCell.m */; };
		EA03725E22E6501B00354DA2 /* ChatCell.m in Sources */ = {isa = PBXBuildFile; fileRef = EA03725D22E6501B00354DA2 /* ChatCell.m */; };
		EA0E3AFD22FAB11C003BE858 /* UserCollectionCell.m in Sources */ = {isa = PBXBuildFile; fileRef = EA0E3AFB22FAB11C003BE858 /* UserCollectionCell.m */; };
		EA0E3B0722FC85B3003BE858 /* SwipePopupVC.m in Sources */ = {isa = PBXBuildFile; fileRef = EA0E3B0622FC85B3003BE858 /* SwipePopupVC.m */; };
		EA4315AF22F93C4200CC853D /* CardItemCollectionViewCell.xib in Resources */ = {isa = PBXBuildFile; fileRef = EA4315AE22F93C4200CC853D /* CardItemCollectionViewCell.xib */; };
		EA4315BA22F941A200CC853D /* MapsPopupVC.m in Sources */ = {isa = PBXBuildFile; fileRef = EA4315B722F941A200CC853D /* MapsPopupVC.m */; };
		EA4315BB22F941A200CC853D /* MapsVC.m in Sources */ = {isa = PBXBuildFile; fileRef = EA4315B822F941A200CC853D /* MapsVC.m */; };
		EA6732DE22DF931C004E362F /* SignUpVC.m in Sources */ = {isa = PBXBuildFile; fileRef = EA6732DD22DF931C004E362F /* SignUpVC.m */; };
		EA6732E822DF95E0004E362F /* NJOPasswordStrengthEvaluator.m in Sources */ = {isa = PBXBuildFile; fileRef = EA6732E722DF95E0004E362F /* NJOPasswordStrengthEvaluator.m */; };
		EA6732ED22DF95F5004E362F /* QAButton.m in Sources */ = {isa = PBXBuildFile; fileRef = EA6732E922DF95F5004E362F /* QAButton.m */; };
		EA6732EE22DF95F5004E362F /* QAView.m in Sources */ = {isa = PBXBuildFile; fileRef = EA6732EB22DF95F5004E362F /* QAView.m */; };
		EA6732F422DF96DE004E362F /* Utils.m in Sources */ = {isa = PBXBuildFile; fileRef = EA6732F322DF96DE004E362F /* Utils.m */; };
		EA6732F722DFAB25004E362F /* SignInVC.m in Sources */ = {isa = PBXBuildFile; fileRef = EA6732F622DFAB25004E362F /* SignInVC.m */; };
		EA99514E22FCDCF700BF65AE /* UIButton+Expandable.m in Sources */ = {isa = PBXBuildFile; fileRef = EA99514C22FCDCF700BF65AE /* UIButton+Expandable.m */; };
		EAB1A80822F8272B00C4AA25 /* ParseLiveQueryObjCBridge.swift in Sources */ = {isa = PBXBuildFile; fileRef = EAB1A80722F8272B00C4AA25 /* ParseLiveQueryObjCBridge.swift */; };
		EAEB723422E9315200426226 /* DraggableViewBackground.m in Sources */ = {isa = PBXBuildFile; fileRef = EAEB723322E9315200426226 /* DraggableViewBackground.m */; };
		EAEB723922E9316200426226 /* DraggableView.m in Sources */ = {isa = PBXBuildFile; fileRef = EAEB723722E9316200426226 /* DraggableView.m */; };
		EAEB723A22E9316200426226 /* OverlayView.m in Sources */ = {isa = PBXBuildFile; fileRef = EAEB723822E9316200426226 /* OverlayView.m */; };
		EAEB723D22E9369900426226 /* Card.m in Sources */ = {isa = PBXBuildFile; fileRef = EAEB723C22E9369900426226 /* Card.m */; };
		EAEB724222E936CB00426226 /* CardItemCollectionViewCell.m in Sources */ = {isa = PBXBuildFile; fileRef = EAEB724022E936CB00426226 /* CardItemCollectionViewCell.m */; };
		EAEB724622E95C6B00426226 /* CardsViewController.m in Sources */ = {isa = PBXBuildFile; fileRef = EAEB724422E95C6B00426226 /* CardsViewController.m */; };
		EECDD1FF4F471AAB79FA48C6 /* Pods_Dorm_a_ShopUITests.framework in Frameworks */ = {isa = PBXBuildFile; fileRef = 4F9FAC4896E8B29719A398C9 /* Pods_Dorm_a_ShopUITests.framework */; };
/* End PBXBuildFile section */

/* Begin PBXContainerItemProxy section */
		47A8A9BA22DE3A32005D9520 /* PBXContainerItemProxy */ = {
			isa = PBXContainerItemProxy;
			containerPortal = 47A8A99922DE3A30005D9520 /* Project object */;
			proxyType = 1;
			remoteGlobalIDString = 47A8A9A022DE3A30005D9520;
			remoteInfo = "Dorm-a-Shop";
		};
		47A8A9C522DE3A32005D9520 /* PBXContainerItemProxy */ = {
			isa = PBXContainerItemProxy;
			containerPortal = 47A8A99922DE3A30005D9520 /* Project object */;
			proxyType = 1;
			remoteGlobalIDString = 47A8A9A022DE3A30005D9520;
			remoteInfo = "Dorm-a-Shop";
		};
/* End PBXContainerItemProxy section */

/* Begin PBXFileReference section */
		08E64F22EC47F3B5CBDAC20F /* Pods-Dorm-a-ShopTests.release.xcconfig */ = {isa = PBXFileReference; includeInIndex = 1; lastKnownFileType = text.xcconfig; name = "Pods-Dorm-a-ShopTests.release.xcconfig"; path = "Target Support Files/Pods-Dorm-a-ShopTests/Pods-Dorm-a-ShopTests.release.xcconfig"; sourceTree = "<group>"; };
		241F52E5E4F95328E461C4ED /* Pods-Dorm-a-ShopUITests.release.xcconfig */ = {isa = PBXFileReference; includeInIndex = 1; lastKnownFileType = text.xcconfig; name = "Pods-Dorm-a-ShopUITests.release.xcconfig"; path = "Target Support Files/Pods-Dorm-a-ShopUITests/Pods-Dorm-a-ShopUITests.release.xcconfig"; sourceTree = "<group>"; };
		263DD222A783046F1F35C90A /* Pods-Dorm-a-ShopUITests.debug.xcconfig */ = {isa = PBXFileReference; includeInIndex = 1; lastKnownFileType = text.xcconfig; name = "Pods-Dorm-a-ShopUITests.debug.xcconfig"; path = "Target Support Files/Pods-Dorm-a-ShopUITests/Pods-Dorm-a-ShopUITests.debug.xcconfig"; sourceTree = "<group>"; };
		4268938640FC639A22F54977 /* Pods_Dorm_a_Shop.framework */ = {isa = PBXFileReference; explicitFileType = wrapper.framework; includeInIndex = 0; path = Pods_Dorm_a_Shop.framework; sourceTree = BUILT_PRODUCTS_DIR; };
		470FB6F722EF70240088A3EC /* LocationManager.h */ = {isa = PBXFileReference; fileEncoding = 4; lastKnownFileType = sourcecode.c.h; path = LocationManager.h; sourceTree = "<group>"; };
		470FB6F822EF70240088A3EC /* LocationManager.m */ = {isa = PBXFileReference; fileEncoding = 4; lastKnownFileType = sourcecode.c.objc; path = LocationManager.m; sourceTree = "<group>"; };
		470FB71322EF713F0088A3EC /* User.m */ = {isa = PBXFileReference; fileEncoding = 4; lastKnownFileType = sourcecode.c.objc; path = User.m; sourceTree = "<group>"; };
		470FB71422EF713F0088A3EC /* User.h */ = {isa = PBXFileReference; fileEncoding = 4; lastKnownFileType = sourcecode.c.h; path = User.h; sourceTree = "<group>"; };
		470FB71822EF71780088A3EC /* Watches.h */ = {isa = PBXFileReference; fileEncoding = 4; lastKnownFileType = sourcecode.c.h; path = Watches.h; sourceTree = "<group>"; };
		470FB71922EF71780088A3EC /* Watches.m */ = {isa = PBXFileReference; fileEncoding = 4; lastKnownFileType = sourcecode.c.objc; path = Watches.m; sourceTree = "<group>"; };
		470FB72A22F0C09B0088A3EC /* Conversation.h */ = {isa = PBXFileReference; lastKnownFileType = sourcecode.c.h; path = Conversation.h; sourceTree = "<group>"; };
		470FB72B22F0C09B0088A3EC /* Conversation.m */ = {isa = PBXFileReference; lastKnownFileType = sourcecode.c.objc; path = Conversation.m; sourceTree = "<group>"; };
		4715CD9322E7914800E2E916 /* CoreData.framework */ = {isa = PBXFileReference; lastKnownFileType = wrapper.framework; name = CoreData.framework; path = System/Library/Frameworks/CoreData.framework; sourceTree = SDKROOT; };
		47185EBD22FCED8100674C81 /* Assets.xcassets */ = {isa = PBXFileReference; lastKnownFileType = folder.assetcatalog; path = Assets.xcassets; sourceTree = SOURCE_ROOT; };
		47185EBF22FD4BDD00674C81 /* SwipeRecord.h */ = {isa = PBXFileReference; lastKnownFileType = sourcecode.c.h; path = SwipeRecord.h; sourceTree = "<group>"; };
		47185EC022FD4BDD00674C81 /* SwipeRecord.m */ = {isa = PBXFileReference; lastKnownFileType = sourcecode.c.objc; path = SwipeRecord.m; sourceTree = "<group>"; };
		47415D0D22F956D700AF4C16 /* UILabel+Boldify.h */ = {isa = PBXFileReference; lastKnownFileType = sourcecode.c.h; path = "UILabel+Boldify.h"; sourceTree = "<group>"; };
		47415D0E22F956D700AF4C16 /* UILabel+Boldify.m */ = {isa = PBXFileReference; lastKnownFileType = sourcecode.c.objc; path = "UILabel+Boldify.m"; sourceTree = "<group>"; };
		47486BA622F3626E00DE6D8E /* CoreDataManager.h */ = {isa = PBXFileReference; lastKnownFileType = sourcecode.c.h; path = CoreDataManager.h; sourceTree = "<group>"; };
		47486BA722F3626E00DE6D8E /* CoreDataManager.m */ = {isa = PBXFileReference; lastKnownFileType = sourcecode.c.objc; path = CoreDataManager.m; sourceTree = "<group>"; };
		47486BB822F3D65500DE6D8E /* Review.h */ = {isa = PBXFileReference; lastKnownFileType = sourcecode.c.h; path = Review.h; sourceTree = "<group>"; };
		47486BB922F3D65500DE6D8E /* Review.m */ = {isa = PBXFileReference; lastKnownFileType = sourcecode.c.objc; path = Review.m; sourceTree = "<group>"; };
		47486BCD22F4ECEA00DE6D8E /* ReviewTableViewCell.h */ = {isa = PBXFileReference; lastKnownFileType = sourcecode.c.h; path = ReviewTableViewCell.h; sourceTree = "<group>"; };
		47486BCE22F4ECEA00DE6D8E /* ReviewTableViewCell.m */ = {isa = PBXFileReference; lastKnownFileType = sourcecode.c.objc; path = ReviewTableViewCell.m; sourceTree = "<group>"; };
		47486BD022F566C200DE6D8E /* ParseDatabaseManager.h */ = {isa = PBXFileReference; lastKnownFileType = sourcecode.c.h; path = ParseDatabaseManager.h; sourceTree = "<group>"; };
		47486BD122F566C200DE6D8E /* ParseDatabaseManager.m */ = {isa = PBXFileReference; lastKnownFileType = sourcecode.c.objc; path = ParseDatabaseManager.m; sourceTree = "<group>"; };
		477B581322FC069100003AAB /* ReviewDetailsViewController.h */ = {isa = PBXFileReference; lastKnownFileType = sourcecode.c.h; path = ReviewDetailsViewController.h; sourceTree = "<group>"; };
		477B581422FC069100003AAB /* ReviewDetailsViewController.m */ = {isa = PBXFileReference; lastKnownFileType = sourcecode.c.objc; path = ReviewDetailsViewController.m; sourceTree = "<group>"; };
		47A8A9A122DE3A30005D9520 /* Dorm-a-Shop.app */ = {isa = PBXFileReference; explicitFileType = wrapper.application; includeInIndex = 0; path = "Dorm-a-Shop.app"; sourceTree = BUILT_PRODUCTS_DIR; };
		47A8A9A422DE3A30005D9520 /* AppDelegate.h */ = {isa = PBXFileReference; lastKnownFileType = sourcecode.c.h; path = AppDelegate.h; sourceTree = "<group>"; };
		47A8A9A522DE3A30005D9520 /* AppDelegate.m */ = {isa = PBXFileReference; lastKnownFileType = sourcecode.c.objc; path = AppDelegate.m; sourceTree = "<group>"; };
		47A8A9AB22DE3A30005D9520 /* Base */ = {isa = PBXFileReference; lastKnownFileType = file.storyboard; name = Base; path = Base.lproj/Main.storyboard; sourceTree = "<group>"; };
		47A8A9B022DE3A32005D9520 /* Base */ = {isa = PBXFileReference; lastKnownFileType = file.storyboard; name = Base; path = Base.lproj/LaunchScreen.storyboard; sourceTree = "<group>"; };
		47A8A9B222DE3A32005D9520 /* Info.plist */ = {isa = PBXFileReference; lastKnownFileType = text.plist.xml; path = Info.plist; sourceTree = "<group>"; };
		47A8A9B322DE3A32005D9520 /* main.m */ = {isa = PBXFileReference; lastKnownFileType = sourcecode.c.objc; path = main.m; sourceTree = "<group>"; };
		47A8A9B922DE3A32005D9520 /* Dorm-a-ShopTests.xctest */ = {isa = PBXFileReference; explicitFileType = wrapper.cfbundle; includeInIndex = 0; path = "Dorm-a-ShopTests.xctest"; sourceTree = BUILT_PRODUCTS_DIR; };
		47A8A9BD22DE3A32005D9520 /* Dorm_a_ShopTests.m */ = {isa = PBXFileReference; lastKnownFileType = sourcecode.c.objc; path = Dorm_a_ShopTests.m; sourceTree = "<group>"; };
		47A8A9BF22DE3A32005D9520 /* Info.plist */ = {isa = PBXFileReference; lastKnownFileType = text.plist.xml; path = Info.plist; sourceTree = "<group>"; };
		47A8A9C422DE3A32005D9520 /* Dorm-a-ShopUITests.xctest */ = {isa = PBXFileReference; explicitFileType = wrapper.cfbundle; includeInIndex = 0; path = "Dorm-a-ShopUITests.xctest"; sourceTree = BUILT_PRODUCTS_DIR; };
		47A8A9C822DE3A32005D9520 /* Dorm_a_ShopUITests.m */ = {isa = PBXFileReference; lastKnownFileType = sourcecode.c.objc; path = Dorm_a_ShopUITests.m; sourceTree = "<group>"; };
		47A8A9CA22DE3A32005D9520 /* Info.plist */ = {isa = PBXFileReference; lastKnownFileType = text.plist.xml; path = Info.plist; sourceTree = "<group>"; };
		47A8A9D922DE42E5005D9520 /* Post.h */ = {isa = PBXFileReference; lastKnownFileType = sourcecode.c.h; path = Post.h; sourceTree = "<group>"; };
		47A8A9DA22DE42E5005D9520 /* Post.m */ = {isa = PBXFileReference; lastKnownFileType = sourcecode.c.objc; path = Post.m; sourceTree = "<group>"; };
		47A8A9DE22DE453C005D9520 /* HomeScreenViewController.h */ = {isa = PBXFileReference; lastKnownFileType = sourcecode.c.h; path = HomeScreenViewController.h; sourceTree = "<group>"; };
		47A8A9DF22DE453C005D9520 /* HomeScreenViewController.m */ = {isa = PBXFileReference; lastKnownFileType = sourcecode.c.objc; path = HomeScreenViewController.m; sourceTree = "<group>"; };
		47A8A9E322DE45EF005D9520 /* PostTableViewCell.h */ = {isa = PBXFileReference; lastKnownFileType = sourcecode.c.h; path = PostTableViewCell.h; sourceTree = "<group>"; };
		47A8A9E422DE45EF005D9520 /* PostTableViewCell.m */ = {isa = PBXFileReference; lastKnownFileType = sourcecode.c.objc; path = PostTableViewCell.m; sourceTree = "<group>"; };
		47A8A9E922DE7B2B005D9520 /* DetailsViewController.h */ = {isa = PBXFileReference; lastKnownFileType = sourcecode.c.h; path = DetailsViewController.h; sourceTree = "<group>"; };
		47A8A9EA22DE7B2B005D9520 /* DetailsViewController.m */ = {isa = PBXFileReference; lastKnownFileType = sourcecode.c.objc; path = DetailsViewController.m; sourceTree = "<group>"; };
		47A8A9EF22E12528005D9520 /* WatchListViewController.h */ = {isa = PBXFileReference; lastKnownFileType = sourcecode.c.h; path = WatchListViewController.h; sourceTree = "<group>"; };
		47A8A9F022E12528005D9520 /* WatchListViewController.m */ = {isa = PBXFileReference; lastKnownFileType = sourcecode.c.objc; path = WatchListViewController.m; sourceTree = "<group>"; };
		4F391BB0A88FF785BA25E839 /* Pods-Dorm-a-Shop.release.xcconfig */ = {isa = PBXFileReference; includeInIndex = 1; lastKnownFileType = text.xcconfig; name = "Pods-Dorm-a-Shop.release.xcconfig"; path = "Target Support Files/Pods-Dorm-a-Shop/Pods-Dorm-a-Shop.release.xcconfig"; sourceTree = "<group>"; };
		4F9FAC4896E8B29719A398C9 /* Pods_Dorm_a_ShopUITests.framework */ = {isa = PBXFileReference; explicitFileType = wrapper.framework; includeInIndex = 0; path = Pods_Dorm_a_ShopUITests.framework; sourceTree = BUILT_PRODUCTS_DIR; };
		7B990968EF4F50E238A28966 /* Pods-Dorm-a-ShopTests.debug.xcconfig */ = {isa = PBXFileReference; includeInIndex = 1; lastKnownFileType = text.xcconfig; name = "Pods-Dorm-a-ShopTests.debug.xcconfig"; path = "Target Support Files/Pods-Dorm-a-ShopTests/Pods-Dorm-a-ShopTests.debug.xcconfig"; sourceTree = "<group>"; };
		B0F27A5835AC43FFDCD492CA /* Pods_Dorm_a_ShopTests.framework */ = {isa = PBXFileReference; explicitFileType = wrapper.framework; includeInIndex = 0; path = Pods_Dorm_a_ShopTests.framework; sourceTree = BUILT_PRODUCTS_DIR; };
		DAB21EC6927306F350ED2916 /* Pods-Dorm-a-Shop.debug.xcconfig */ = {isa = PBXFileReference; includeInIndex = 1; lastKnownFileType = text.xcconfig; name = "Pods-Dorm-a-Shop.debug.xcconfig"; path = "Target Support Files/Pods-Dorm-a-Shop/Pods-Dorm-a-Shop.debug.xcconfig"; sourceTree = "<group>"; };
		DE307FFB22DE7BE900418DE3 /* UploadViewController.h */ = {isa = PBXFileReference; lastKnownFileType = sourcecode.c.h; path = UploadViewController.h; sourceTree = "<group>"; };
		DE307FFC22DE7BE900418DE3 /* UploadViewController.m */ = {isa = PBXFileReference; lastKnownFileType = sourcecode.c.objc; path = UploadViewController.m; sourceTree = "<group>"; };
		DE307FFE22DFD20500418DE3 /* ProfileViewController.h */ = {isa = PBXFileReference; lastKnownFileType = sourcecode.c.h; path = ProfileViewController.h; sourceTree = "<group>"; };
		DE307FFF22DFD20500418DE3 /* ProfileViewController.m */ = {isa = PBXFileReference; lastKnownFileType = sourcecode.c.objc; path = ProfileViewController.m; sourceTree = "<group>"; };
		DE4DE32E22FCE168009B3A56 /* UIButton+Expandable.m */ = {isa = PBXFileReference; fileEncoding = 4; lastKnownFileType = sourcecode.c.objc; path = "UIButton+Expandable.m"; sourceTree = "<group>"; };
		DE4DE32F22FCE168009B3A56 /* UIButton+Expandable.h */ = {isa = PBXFileReference; fileEncoding = 4; lastKnownFileType = sourcecode.c.h; path = "UIButton+Expandable.h"; sourceTree = "<group>"; };
		DE4DE33322FCE6D2009B3A56 /* MatchedViewController.h */ = {isa = PBXFileReference; lastKnownFileType = sourcecode.c.h; path = MatchedViewController.h; sourceTree = "<group>"; };
		DE4DE33422FCE6D2009B3A56 /* MatchedViewController.m */ = {isa = PBXFileReference; lastKnownFileType = sourcecode.c.objc; path = MatchedViewController.m; sourceTree = "<group>"; };
		DE4FCFD222E66FE500B1311F /* InboxViewController.h */ = {isa = PBXFileReference; lastKnownFileType = sourcecode.c.h; path = InboxViewController.h; sourceTree = "<group>"; };
		DE4FCFD322E66FE500B1311F /* InboxViewController.m */ = {isa = PBXFileReference; lastKnownFileType = sourcecode.c.objc; path = InboxViewController.m; sourceTree = "<group>"; };
		DE4FCFD522E6744100B1311F /* MessageViewController.h */ = {isa = PBXFileReference; lastKnownFileType = sourcecode.c.h; path = MessageViewController.h; sourceTree = "<group>"; };
		DE4FCFD622E6744100B1311F /* MessageViewController.m */ = {isa = PBXFileReference; lastKnownFileType = sourcecode.c.objc; path = MessageViewController.m; sourceTree = "<group>"; };
		DE4FCFD822E686DE00B1311F /* EditProfileVC.h */ = {isa = PBXFileReference; fileEncoding = 4; lastKnownFileType = sourcecode.c.h; path = EditProfileVC.h; sourceTree = "<group>"; };
		DE4FCFD922E686DE00B1311F /* EditProfileVC.m */ = {isa = PBXFileReference; fileEncoding = 4; lastKnownFileType = sourcecode.c.objc; path = EditProfileVC.m; sourceTree = "<group>"; };
		DE4FD01022EA3D1100B1311F /* DormAShop.xcdatamodel */ = {isa = PBXFileReference; lastKnownFileType = wrapper.xcdatamodel; path = DormAShop.xcdatamodel; sourceTree = "<group>"; };
		DE877D6322FA3CC900C35587 /* ARViewController.swift */ = {isa = PBXFileReference; fileEncoding = 4; lastKnownFileType = sourcecode.swift; path = ARViewController.swift; sourceTree = "<group>"; };
		DE877D6622FA3EB300C35587 /* ship.scn */ = {isa = PBXFileReference; lastKnownFileType = file.bplist; path = ship.scn; sourceTree = "<group>"; };
		DE877D6722FA3EB300C35587 /* ship.png */ = {isa = PBXFileReference; lastKnownFileType = image.png; path = ship.png; sourceTree = "<group>"; };
		DE877D6922FA3EB300C35587 /* chair.scn */ = {isa = PBXFileReference; lastKnownFileType = file.bplist; path = chair.scn; sourceTree = "<group>"; };
		DE877D6B22FA3EB300C35587 /* chair_METALLIC.png */ = {isa = PBXFileReference; lastKnownFileType = image.png; path = chair_METALLIC.png; sourceTree = "<group>"; };
		DE877D6C22FA3EB300C35587 /* chair_SHADOW.png */ = {isa = PBXFileReference; lastKnownFileType = image.png; path = chair_SHADOW.png; sourceTree = "<group>"; };
		DE877D6D22FA3EB300C35587 /* chair_ROUGHNESS.png */ = {isa = PBXFileReference; lastKnownFileType = image.png; path = chair_ROUGHNESS.png; sourceTree = "<group>"; };
		DE877D6E22FA3EB300C35587 /* chair_DIFFUSE.png */ = {isa = PBXFileReference; lastKnownFileType = image.png; path = chair_DIFFUSE.png; sourceTree = "<group>"; };
		DE877D6F22FA3EB300C35587 /* chair_NORMAL.png */ = {isa = PBXFileReference; lastKnownFileType = image.png; path = chair_NORMAL.png; sourceTree = "<group>"; };
		DE877D7822FA3F6000C35587 /* NSNotificationCenter+MainThread.h */ = {isa = PBXFileReference; fileEncoding = 4; lastKnownFileType = sourcecode.c.h; path = "NSNotificationCenter+MainThread.h"; sourceTree = "<group>"; };
		DE877D7922FA3F6000C35587 /* NSNotificationCenter+MainThread.m */ = {isa = PBXFileReference; fileEncoding = 4; lastKnownFileType = sourcecode.c.objc; path = "NSNotificationCenter+MainThread.m"; sourceTree = "<group>"; };
		DEA2B53422F4AE4C00FC71DB /* SellerReviewsViewController.m */ = {isa = PBXFileReference; fileEncoding = 4; lastKnownFileType = sourcecode.c.objc; path = SellerReviewsViewController.m; sourceTree = "<group>"; };
		DEA2B53522F4AE4D00FC71DB /* SellerReviewsViewController.h */ = {isa = PBXFileReference; fileEncoding = 4; lastKnownFileType = sourcecode.c.h; path = SellerReviewsViewController.h; sourceTree = "<group>"; };
		DEA2B53722F4AE7800FC71DB /* ComposeReviewViewController.h */ = {isa = PBXFileReference; fileEncoding = 4; lastKnownFileType = sourcecode.c.h; path = ComposeReviewViewController.h; sourceTree = "<group>"; };
		DEA2B53822F4AE7800FC71DB /* ComposeReviewViewController.m */ = {isa = PBXFileReference; fileEncoding = 4; lastKnownFileType = sourcecode.c.objc; path = ComposeReviewViewController.m; sourceTree = "<group>"; };
		DED744F622DFE0A400394748 /* PostCollectionViewCell.h */ = {isa = PBXFileReference; lastKnownFileType = sourcecode.c.h; path = PostCollectionViewCell.h; sourceTree = "<group>"; };
		DED744F722DFE0A400394748 /* PostCollectionViewCell.m */ = {isa = PBXFileReference; lastKnownFileType = sourcecode.c.objc; path = PostCollectionViewCell.m; sourceTree = "<group>"; };
		DEFE7C8722E640DF006E3096 /* SearchViewController.h */ = {isa = PBXFileReference; lastKnownFileType = sourcecode.c.h; path = SearchViewController.h; sourceTree = "<group>"; };
		DEFE7C8822E640DF006E3096 /* SearchViewController.m */ = {isa = PBXFileReference; lastKnownFileType = sourcecode.c.objc; path = SearchViewController.m; sourceTree = "<group>"; };
		DEFE7C8A22E64347006E3096 /* UserCell.h */ = {isa = PBXFileReference; lastKnownFileType = sourcecode.c.h; path = UserCell.h; sourceTree = "<group>"; };
		DEFE7C8B22E64347006E3096 /* UserCell.m */ = {isa = PBXFileReference; lastKnownFileType = sourcecode.c.objc; path = UserCell.m; sourceTree = "<group>"; };
		EA03725C22E6501B00354DA2 /* ChatCell.h */ = {isa = PBXFileReference; lastKnownFileType = sourcecode.c.h; path = ChatCell.h; sourceTree = "<group>"; };
		EA03725D22E6501B00354DA2 /* ChatCell.m */ = {isa = PBXFileReference; lastKnownFileType = sourcecode.c.objc; path = ChatCell.m; sourceTree = "<group>"; };
		EA0E3AFA22FAB11C003BE858 /* UserCollectionCell.h */ = {isa = PBXFileReference; fileEncoding = 4; lastKnownFileType = sourcecode.c.h; path = UserCollectionCell.h; sourceTree = "<group>"; };
		EA0E3AFB22FAB11C003BE858 /* UserCollectionCell.m */ = {isa = PBXFileReference; fileEncoding = 4; lastKnownFileType = sourcecode.c.objc; path = UserCollectionCell.m; sourceTree = "<group>"; };
		EA0E3B0522FC85B3003BE858 /* SwipePopupVC.h */ = {isa = PBXFileReference; lastKnownFileType = sourcecode.c.h; path = SwipePopupVC.h; sourceTree = "<group>"; };
		EA0E3B0622FC85B3003BE858 /* SwipePopupVC.m */ = {isa = PBXFileReference; lastKnownFileType = sourcecode.c.objc; path = SwipePopupVC.m; sourceTree = "<group>"; };
		EA4315AE22F93C4200CC853D /* CardItemCollectionViewCell.xib */ = {isa = PBXFileReference; fileEncoding = 4; lastKnownFileType = file.xib; path = CardItemCollectionViewCell.xib; sourceTree = "<group>"; };
		EA4315B622F941A200CC853D /* MapsVC.h */ = {isa = PBXFileReference; fileEncoding = 4; lastKnownFileType = sourcecode.c.h; path = MapsVC.h; sourceTree = "<group>"; };
		EA4315B722F941A200CC853D /* MapsPopupVC.m */ = {isa = PBXFileReference; fileEncoding = 4; lastKnownFileType = sourcecode.c.objc; path = MapsPopupVC.m; sourceTree = "<group>"; };
		EA4315B822F941A200CC853D /* MapsVC.m */ = {isa = PBXFileReference; fileEncoding = 4; lastKnownFileType = sourcecode.c.objc; path = MapsVC.m; sourceTree = "<group>"; };
		EA4315B922F941A200CC853D /* MapsPopupVC.h */ = {isa = PBXFileReference; fileEncoding = 4; lastKnownFileType = sourcecode.c.h; path = MapsPopupVC.h; sourceTree = "<group>"; };
		EA6732DC22DF931C004E362F /* SignUpVC.h */ = {isa = PBXFileReference; fileEncoding = 4; lastKnownFileType = sourcecode.c.h; path = SignUpVC.h; sourceTree = "<group>"; };
		EA6732DD22DF931C004E362F /* SignUpVC.m */ = {isa = PBXFileReference; fileEncoding = 4; lastKnownFileType = sourcecode.c.objc; path = SignUpVC.m; sourceTree = "<group>"; };
		EA6732E622DF95E0004E362F /* NJOPasswordStrengthEvaluator.h */ = {isa = PBXFileReference; fileEncoding = 4; lastKnownFileType = sourcecode.c.h; path = NJOPasswordStrengthEvaluator.h; sourceTree = "<group>"; };
		EA6732E722DF95E0004E362F /* NJOPasswordStrengthEvaluator.m */ = {isa = PBXFileReference; fileEncoding = 4; lastKnownFileType = sourcecode.c.objc; path = NJOPasswordStrengthEvaluator.m; sourceTree = "<group>"; };
		EA6732E922DF95F5004E362F /* QAButton.m */ = {isa = PBXFileReference; fileEncoding = 4; lastKnownFileType = sourcecode.c.objc; path = QAButton.m; sourceTree = "<group>"; };
		EA6732EA22DF95F5004E362F /* QAView.h */ = {isa = PBXFileReference; fileEncoding = 4; lastKnownFileType = sourcecode.c.h; path = QAView.h; sourceTree = "<group>"; };
		EA6732EB22DF95F5004E362F /* QAView.m */ = {isa = PBXFileReference; fileEncoding = 4; lastKnownFileType = sourcecode.c.objc; path = QAView.m; sourceTree = "<group>"; };
		EA6732EC22DF95F5004E362F /* QAButton.h */ = {isa = PBXFileReference; fileEncoding = 4; lastKnownFileType = sourcecode.c.h; path = QAButton.h; sourceTree = "<group>"; };
		EA6732F222DF96DE004E362F /* Utils.h */ = {isa = PBXFileReference; lastKnownFileType = sourcecode.c.h; path = Utils.h; sourceTree = "<group>"; };
		EA6732F322DF96DE004E362F /* Utils.m */ = {isa = PBXFileReference; lastKnownFileType = sourcecode.c.objc; path = Utils.m; sourceTree = "<group>"; };
		EA6732F522DFAB25004E362F /* SignInVC.h */ = {isa = PBXFileReference; lastKnownFileType = sourcecode.c.h; path = SignInVC.h; sourceTree = "<group>"; };
		EA6732F622DFAB25004E362F /* SignInVC.m */ = {isa = PBXFileReference; lastKnownFileType = sourcecode.c.objc; path = SignInVC.m; sourceTree = "<group>"; };
		EA99514C22FCDCF700BF65AE /* UIButton+Expandable.m */ = {isa = PBXFileReference; fileEncoding = 4; lastKnownFileType = sourcecode.c.objc; path = "UIButton+Expandable.m"; sourceTree = "<group>"; };
		EA99514D22FCDCF700BF65AE /* UIButton+Expandable.h */ = {isa = PBXFileReference; fileEncoding = 4; lastKnownFileType = sourcecode.c.h; path = "UIButton+Expandable.h"; sourceTree = "<group>"; };
		EAB1A80622F8272B00C4AA25 /* Dorm-a-Shop-Bridging-Header.h */ = {isa = PBXFileReference; lastKnownFileType = sourcecode.c.h; path = "Dorm-a-Shop-Bridging-Header.h"; sourceTree = "<group>"; };
		EAB1A80722F8272B00C4AA25 /* ParseLiveQueryObjCBridge.swift */ = {isa = PBXFileReference; fileEncoding = 4; lastKnownFileType = sourcecode.swift; path = ParseLiveQueryObjCBridge.swift; sourceTree = "<group>"; };
		EAEB723222E9315200426226 /* DraggableViewBackground.h */ = {isa = PBXFileReference; fileEncoding = 4; lastKnownFileType = sourcecode.c.h; path = DraggableViewBackground.h; sourceTree = "<group>"; };
		EAEB723322E9315200426226 /* DraggableViewBackground.m */ = {isa = PBXFileReference; fileEncoding = 4; lastKnownFileType = sourcecode.c.objc; path = DraggableViewBackground.m; sourceTree = "<group>"; };
		EAEB723522E9316200426226 /* DraggableView.h */ = {isa = PBXFileReference; fileEncoding = 4; lastKnownFileType = sourcecode.c.h; path = DraggableView.h; sourceTree = "<group>"; };
		EAEB723622E9316200426226 /* OverlayView.h */ = {isa = PBXFileReference; fileEncoding = 4; lastKnownFileType = sourcecode.c.h; path = OverlayView.h; sourceTree = "<group>"; };
		EAEB723722E9316200426226 /* DraggableView.m */ = {isa = PBXFileReference; fileEncoding = 4; lastKnownFileType = sourcecode.c.objc; path = DraggableView.m; sourceTree = "<group>"; };
		EAEB723822E9316200426226 /* OverlayView.m */ = {isa = PBXFileReference; fileEncoding = 4; lastKnownFileType = sourcecode.c.objc; path = OverlayView.m; sourceTree = "<group>"; };
		EAEB723B22E9369900426226 /* Card.h */ = {isa = PBXFileReference; fileEncoding = 4; lastKnownFileType = sourcecode.c.h; path = Card.h; sourceTree = "<group>"; };
		EAEB723C22E9369900426226 /* Card.m */ = {isa = PBXFileReference; fileEncoding = 4; lastKnownFileType = sourcecode.c.objc; path = Card.m; sourceTree = "<group>"; };
		EAEB723F22E936CB00426226 /* CardItemCollectionViewCell.h */ = {isa = PBXFileReference; fileEncoding = 4; lastKnownFileType = sourcecode.c.h; path = CardItemCollectionViewCell.h; sourceTree = "<group>"; };
		EAEB724022E936CB00426226 /* CardItemCollectionViewCell.m */ = {isa = PBXFileReference; fileEncoding = 4; lastKnownFileType = sourcecode.c.objc; path = CardItemCollectionViewCell.m; sourceTree = "<group>"; };
		EAEB724422E95C6B00426226 /* CardsViewController.m */ = {isa = PBXFileReference; fileEncoding = 4; lastKnownFileType = sourcecode.c.objc; path = CardsViewController.m; sourceTree = "<group>"; };
		EAEB724522E95C6B00426226 /* CardsViewController.h */ = {isa = PBXFileReference; fileEncoding = 4; lastKnownFileType = sourcecode.c.h; path = CardsViewController.h; sourceTree = "<group>"; };
/* End PBXFileReference section */

/* Begin PBXFrameworksBuildPhase section */
		47A8A99E22DE3A30005D9520 /* Frameworks */ = {
			isa = PBXFrameworksBuildPhase;
			buildActionMask = 2147483647;
			files = (
				4D6E9F6C086D7869B5467E8A /* Pods_Dorm_a_Shop.framework in Frameworks */,
			);
			runOnlyForDeploymentPostprocessing = 0;
		};
		47A8A9B622DE3A32005D9520 /* Frameworks */ = {
			isa = PBXFrameworksBuildPhase;
			buildActionMask = 2147483647;
			files = (
				90D753A1636A3A9534074E8F /* Pods_Dorm_a_ShopTests.framework in Frameworks */,
			);
			runOnlyForDeploymentPostprocessing = 0;
		};
		47A8A9C122DE3A32005D9520 /* Frameworks */ = {
			isa = PBXFrameworksBuildPhase;
			buildActionMask = 2147483647;
			files = (
				EECDD1FF4F471AAB79FA48C6 /* Pods_Dorm_a_ShopUITests.framework in Frameworks */,
			);
			runOnlyForDeploymentPostprocessing = 0;
		};
/* End PBXFrameworksBuildPhase section */

/* Begin PBXGroup section */
		3EE14F66B74B5CA47A713707 /* Pods */ = {
			isa = PBXGroup;
			children = (
				DAB21EC6927306F350ED2916 /* Pods-Dorm-a-Shop.debug.xcconfig */,
				4F391BB0A88FF785BA25E839 /* Pods-Dorm-a-Shop.release.xcconfig */,
				7B990968EF4F50E238A28966 /* Pods-Dorm-a-ShopTests.debug.xcconfig */,
				08E64F22EC47F3B5CBDAC20F /* Pods-Dorm-a-ShopTests.release.xcconfig */,
				263DD222A783046F1F35C90A /* Pods-Dorm-a-ShopUITests.debug.xcconfig */,
				241F52E5E4F95328E461C4ED /* Pods-Dorm-a-ShopUITests.release.xcconfig */,
			);
			path = Pods;
			sourceTree = "<group>";
		};
		47A8A99822DE3A30005D9520 = {
			isa = PBXGroup;
			children = (
				47A8A9A322DE3A30005D9520 /* Dorm-a-Shop */,
				47A8A9BC22DE3A32005D9520 /* Dorm-a-ShopTests */,
				47A8A9C722DE3A32005D9520 /* Dorm-a-ShopUITests */,
				47A8A9A222DE3A30005D9520 /* Products */,
				3EE14F66B74B5CA47A713707 /* Pods */,
				E96DFB8C6FE65C2CA1921A65 /* Frameworks */,
			);
			sourceTree = "<group>";
		};
		47A8A9A222DE3A30005D9520 /* Products */ = {
			isa = PBXGroup;
			children = (
				47A8A9A122DE3A30005D9520 /* Dorm-a-Shop.app */,
				47A8A9B922DE3A32005D9520 /* Dorm-a-ShopTests.xctest */,
				47A8A9C422DE3A32005D9520 /* Dorm-a-ShopUITests.xctest */,
			);
			name = Products;
			sourceTree = "<group>";
		};
		47A8A9A322DE3A30005D9520 /* Dorm-a-Shop */ = {
			isa = PBXGroup;
			children = (
				47185EBD22FCED8100674C81 /* Assets.xcassets */,
				DE877D6522FA3EB300C35587 /* 3D Objects */,
				EAEB722922E930BC00426226 /* Card */,
				EA6732E422DF959A004E362F /* HelperFIles */,
				EA6732EC22DF95F5004E362F /* QAButton.h */,
				EA6732E922DF95F5004E362F /* QAButton.m */,
				EA6732EA22DF95F5004E362F /* QAView.h */,
				EA6732EB22DF95F5004E362F /* QAView.m */,
				EA6732E122DF94E4004E362F /* Utilities */,
				47A8A9E122DE4542005D9520 /* View Controllers */,
				47A8A9E222DE45BD005D9520 /* Views */,
				47A8A9DD22DE42F9005D9520 /* Models */,
				47A8A9AA22DE3A30005D9520 /* Main.storyboard */,
				47A8A9A422DE3A30005D9520 /* AppDelegate.h */,
				47A8A9A522DE3A30005D9520 /* AppDelegate.m */,
				DE4FD00F22EA3D1100B1311F /* DormAShop.xcdatamodeld */,
				47A8A9AF22DE3A32005D9520 /* LaunchScreen.storyboard */,
				47A8A9B222DE3A32005D9520 /* Info.plist */,
				47A8A9B322DE3A32005D9520 /* main.m */,
				EA4315B922F941A200CC853D /* MapsPopupVC.h */,
				EA4315B722F941A200CC853D /* MapsPopupVC.m */,
				EA0E3B0522FC85B3003BE858 /* SwipePopupVC.h */,
				EA0E3B0622FC85B3003BE858 /* SwipePopupVC.m */,
				EA4315B622F941A200CC853D /* MapsVC.h */,
				EA4315B822F941A200CC853D /* MapsVC.m */,
			);
			path = "Dorm-a-Shop";
			sourceTree = "<group>";
		};
		47A8A9BC22DE3A32005D9520 /* Dorm-a-ShopTests */ = {
			isa = PBXGroup;
			children = (
				47A8A9BD22DE3A32005D9520 /* Dorm_a_ShopTests.m */,
				47A8A9BF22DE3A32005D9520 /* Info.plist */,
			);
			path = "Dorm-a-ShopTests";
			sourceTree = "<group>";
		};
		47A8A9C722DE3A32005D9520 /* Dorm-a-ShopUITests */ = {
			isa = PBXGroup;
			children = (
				47A8A9C822DE3A32005D9520 /* Dorm_a_ShopUITests.m */,
				47A8A9CA22DE3A32005D9520 /* Info.plist */,
			);
			path = "Dorm-a-ShopUITests";
			sourceTree = "<group>";
		};
		47A8A9DD22DE42F9005D9520 /* Models */ = {
			isa = PBXGroup;
			children = (
				EAEB723B22E9369900426226 /* Card.h */,
				EAEB723C22E9369900426226 /* Card.m */,
				47A8A9D922DE42E5005D9520 /* Post.h */,
				47A8A9DA22DE42E5005D9520 /* Post.m */,
				470FB71422EF713F0088A3EC /* User.h */,
				470FB71322EF713F0088A3EC /* User.m */,
				470FB71822EF71780088A3EC /* Watches.h */,
				470FB71922EF71780088A3EC /* Watches.m */,
				470FB72A22F0C09B0088A3EC /* Conversation.h */,
				470FB72B22F0C09B0088A3EC /* Conversation.m */,
				47486BB822F3D65500DE6D8E /* Review.h */,
				47486BB922F3D65500DE6D8E /* Review.m */,
				47185EBF22FD4BDD00674C81 /* SwipeRecord.h */,
				47185EC022FD4BDD00674C81 /* SwipeRecord.m */,
				47486BD022F566C200DE6D8E /* ParseDatabaseManager.h */,
				47486BD122F566C200DE6D8E /* ParseDatabaseManager.m */,
				47486BA622F3626E00DE6D8E /* CoreDataManager.h */,
				47486BA722F3626E00DE6D8E /* CoreDataManager.m */,
				470FB6F722EF70240088A3EC /* LocationManager.h */,
				470FB6F822EF70240088A3EC /* LocationManager.m */,
				DE877D7822FA3F6000C35587 /* NSNotificationCenter+MainThread.h */,
				DE877D7922FA3F6000C35587 /* NSNotificationCenter+MainThread.m */,
			);
			path = Models;
			sourceTree = "<group>";
		};
		47A8A9E122DE4542005D9520 /* View Controllers */ = {
			isa = PBXGroup;
			children = (
				DE877D6322FA3CC900C35587 /* ARViewController.swift */,
				EA6732DC22DF931C004E362F /* SignUpVC.h */,
				EA6732DD22DF931C004E362F /* SignUpVC.m */,
				EA6732F522DFAB25004E362F /* SignInVC.h */,
				EA6732F622DFAB25004E362F /* SignInVC.m */,
				47A8A9DE22DE453C005D9520 /* HomeScreenViewController.h */,
				47A8A9DF22DE453C005D9520 /* HomeScreenViewController.m */,
				DE307FFB22DE7BE900418DE3 /* UploadViewController.h */,
				DE307FFC22DE7BE900418DE3 /* UploadViewController.m */,
				47A8A9E922DE7B2B005D9520 /* DetailsViewController.h */,
				47A8A9EA22DE7B2B005D9520 /* DetailsViewController.m */,
				DE307FFE22DFD20500418DE3 /* ProfileViewController.h */,
				DE307FFF22DFD20500418DE3 /* ProfileViewController.m */,
				DE4FCFD822E686DE00B1311F /* EditProfileVC.h */,
				DE4FCFD922E686DE00B1311F /* EditProfileVC.m */,
				47A8A9EF22E12528005D9520 /* WatchListViewController.h */,
				47A8A9F022E12528005D9520 /* WatchListViewController.m */,
				DEFE7C8722E640DF006E3096 /* SearchViewController.h */,
				DEFE7C8822E640DF006E3096 /* SearchViewController.m */,
				DE4FCFD222E66FE500B1311F /* InboxViewController.h */,
				DE4FCFD322E66FE500B1311F /* InboxViewController.m */,
				DE4FCFD522E6744100B1311F /* MessageViewController.h */,
				DE4FCFD622E6744100B1311F /* MessageViewController.m */,
				EAB1A80722F8272B00C4AA25 /* ParseLiveQueryObjCBridge.swift */,
				DEA2B53522F4AE4D00FC71DB /* SellerReviewsViewController.h */,
				DEA2B53422F4AE4C00FC71DB /* SellerReviewsViewController.m */,
				DEA2B53722F4AE7800FC71DB /* ComposeReviewViewController.h */,
				DEA2B53822F4AE7800FC71DB /* ComposeReviewViewController.m */,
				477B581322FC069100003AAB /* ReviewDetailsViewController.h */,
				477B581422FC069100003AAB /* ReviewDetailsViewController.m */,
				EAB1A80622F8272B00C4AA25 /* Dorm-a-Shop-Bridging-Header.h */,
				DE4DE33322FCE6D2009B3A56 /* MatchedViewController.h */,
				DE4DE33422FCE6D2009B3A56 /* MatchedViewController.m */,
			);
			path = "View Controllers";
			sourceTree = "<group>";
		};
		47A8A9E222DE45BD005D9520 /* Views */ = {
			isa = PBXGroup;
			children = (
				EA03725C22E6501B00354DA2 /* ChatCell.h */,
				EA03725D22E6501B00354DA2 /* ChatCell.m */,
				47A8A9E322DE45EF005D9520 /* PostTableViewCell.h */,
				47A8A9E422DE45EF005D9520 /* PostTableViewCell.m */,
				DED744F622DFE0A400394748 /* PostCollectionViewCell.h */,
				DED744F722DFE0A400394748 /* PostCollectionViewCell.m */,
				47486BCD22F4ECEA00DE6D8E /* ReviewTableViewCell.h */,
				47486BCE22F4ECEA00DE6D8E /* ReviewTableViewCell.m */,
				47415D0D22F956D700AF4C16 /* UILabel+Boldify.h */,
				47415D0E22F956D700AF4C16 /* UILabel+Boldify.m */,
				DEFE7C8A22E64347006E3096 /* UserCell.h */,
				DEFE7C8B22E64347006E3096 /* UserCell.m */,
				EA0E3AFA22FAB11C003BE858 /* UserCollectionCell.h */,
				EA0E3AFB22FAB11C003BE858 /* UserCollectionCell.m */,
				EA99514D22FCDCF700BF65AE /* UIButton+Expandable.h */,
				EA99514C22FCDCF700BF65AE /* UIButton+Expandable.m */,
				DE4DE32F22FCE168009B3A56 /* UIButton+Expandable.h */,
				DE4DE32E22FCE168009B3A56 /* UIButton+Expandable.m */,
			);
			path = Views;
			sourceTree = "<group>";
		};
		DE877D6522FA3EB300C35587 /* 3D Objects */ = {
			isa = PBXGroup;
			children = (
				DE877D6622FA3EB300C35587 /* ship.scn */,
				DE877D6722FA3EB300C35587 /* ship.png */,
				DE877D6822FA3EB300C35587 /* Chair */,
			);
			path = "3D Objects";
			sourceTree = "<group>";
		};
		DE877D6822FA3EB300C35587 /* Chair */ = {
			isa = PBXGroup;
			children = (
				DE877D6922FA3EB300C35587 /* chair.scn */,
				DE877D6A22FA3EB300C35587 /* Texture */,
			);
			path = Chair;
			sourceTree = "<group>";
		};
		DE877D6A22FA3EB300C35587 /* Texture */ = {
			isa = PBXGroup;
			children = (
				DE877D6B22FA3EB300C35587 /* chair_METALLIC.png */,
				DE877D6C22FA3EB300C35587 /* chair_SHADOW.png */,
				DE877D6D22FA3EB300C35587 /* chair_ROUGHNESS.png */,
				DE877D6E22FA3EB300C35587 /* chair_DIFFUSE.png */,
				DE877D6F22FA3EB300C35587 /* chair_NORMAL.png */,
			);
			path = Texture;
			sourceTree = "<group>";
		};
		E96DFB8C6FE65C2CA1921A65 /* Frameworks */ = {
			isa = PBXGroup;
			children = (
				4715CD9322E7914800E2E916 /* CoreData.framework */,
				4268938640FC639A22F54977 /* Pods_Dorm_a_Shop.framework */,
				B0F27A5835AC43FFDCD492CA /* Pods_Dorm_a_ShopTests.framework */,
				4F9FAC4896E8B29719A398C9 /* Pods_Dorm_a_ShopUITests.framework */,
			);
			name = Frameworks;
			sourceTree = "<group>";
		};
		EA6732E122DF94E4004E362F /* Utilities */ = {
			isa = PBXGroup;
			children = (
				EA6732F222DF96DE004E362F /* Utils.h */,
				EA6732F322DF96DE004E362F /* Utils.m */,
			);
			name = Utilities;
			path = ..;
			sourceTree = "<group>";
		};
		EA6732E422DF959A004E362F /* HelperFIles */ = {
			isa = PBXGroup;
			children = (
				EA6732E522DF95C8004E362F /* Navajo */,
			);
			name = HelperFIles;
			path = ..;
			sourceTree = "<group>";
		};
		EA6732E522DF95C8004E362F /* Navajo */ = {
			isa = PBXGroup;
			children = (
				EA6732E622DF95E0004E362F /* NJOPasswordStrengthEvaluator.h */,
				EA6732E722DF95E0004E362F /* NJOPasswordStrengthEvaluator.m */,
			);
			name = Navajo;
			sourceTree = "<group>";
		};
		EAEB722922E930BC00426226 /* Card */ = {
			isa = PBXGroup;
			children = (
				EAEB724522E95C6B00426226 /* CardsViewController.h */,
				EAEB724422E95C6B00426226 /* CardsViewController.m */,
				EAEB723E22E936B900426226 /* Card Cell */,
				EAEB722E22E9311D00426226 /* Dragable */,
			);
			path = Card;
			sourceTree = "<group>";
		};
		EAEB722E22E9311D00426226 /* Dragable */ = {
			isa = PBXGroup;
			children = (
				EAEB723222E9315200426226 /* DraggableViewBackground.h */,
				EAEB723322E9315200426226 /* DraggableViewBackground.m */,
				EAEB723522E9316200426226 /* DraggableView.h */,
				EAEB723722E9316200426226 /* DraggableView.m */,
				EAEB723622E9316200426226 /* OverlayView.h */,
				EAEB723822E9316200426226 /* OverlayView.m */,
			);
			path = Dragable;
			sourceTree = "<group>";
		};
		EAEB723E22E936B900426226 /* Card Cell */ = {
			isa = PBXGroup;
			children = (
				EAEB723F22E936CB00426226 /* CardItemCollectionViewCell.h */,
				EAEB724022E936CB00426226 /* CardItemCollectionViewCell.m */,
				EA4315AE22F93C4200CC853D /* CardItemCollectionViewCell.xib */,
			);
			path = "Card Cell";
			sourceTree = "<group>";
		};
/* End PBXGroup section */

/* Begin PBXNativeTarget section */
		47A8A9A022DE3A30005D9520 /* Dorm-a-Shop */ = {
			isa = PBXNativeTarget;
			buildConfigurationList = 47A8A9CD22DE3A32005D9520 /* Build configuration list for PBXNativeTarget "Dorm-a-Shop" */;
			buildPhases = (
				9CE361FB7B65C3BDF8420748 /* [CP] Check Pods Manifest.lock */,
				47A8A99D22DE3A30005D9520 /* Sources */,
				47A8A99E22DE3A30005D9520 /* Frameworks */,
				47A8A99F22DE3A30005D9520 /* Resources */,
				679ACD980F6F2F86866DE6EB /* [CP] Embed Pods Frameworks */,
				5C86AEE08493B4AFE05CC9A1 /* [CP] Copy Pods Resources */,
			);
			buildRules = (
			);
			dependencies = (
			);
			name = "Dorm-a-Shop";
			productName = "Dorm-a-Shop";
			productReference = 47A8A9A122DE3A30005D9520 /* Dorm-a-Shop.app */;
			productType = "com.apple.product-type.application";
		};
		47A8A9B822DE3A32005D9520 /* Dorm-a-ShopTests */ = {
			isa = PBXNativeTarget;
			buildConfigurationList = 47A8A9D022DE3A32005D9520 /* Build configuration list for PBXNativeTarget "Dorm-a-ShopTests" */;
			buildPhases = (
				2118446522C112C3A0873610 /* [CP] Check Pods Manifest.lock */,
				47A8A9B522DE3A32005D9520 /* Sources */,
				47A8A9B622DE3A32005D9520 /* Frameworks */,
				47A8A9B722DE3A32005D9520 /* Resources */,
			);
			buildRules = (
			);
			dependencies = (
				47A8A9BB22DE3A32005D9520 /* PBXTargetDependency */,
			);
			name = "Dorm-a-ShopTests";
			productName = "Dorm-a-ShopTests";
			productReference = 47A8A9B922DE3A32005D9520 /* Dorm-a-ShopTests.xctest */;
			productType = "com.apple.product-type.bundle.unit-test";
		};
		47A8A9C322DE3A32005D9520 /* Dorm-a-ShopUITests */ = {
			isa = PBXNativeTarget;
			buildConfigurationList = 47A8A9D322DE3A32005D9520 /* Build configuration list for PBXNativeTarget "Dorm-a-ShopUITests" */;
			buildPhases = (
				5647514A8550D70B8F27EB23 /* [CP] Check Pods Manifest.lock */,
				47A8A9C022DE3A32005D9520 /* Sources */,
				47A8A9C122DE3A32005D9520 /* Frameworks */,
				47A8A9C222DE3A32005D9520 /* Resources */,
			);
			buildRules = (
			);
			dependencies = (
				47A8A9C622DE3A32005D9520 /* PBXTargetDependency */,
			);
			name = "Dorm-a-ShopUITests";
			productName = "Dorm-a-ShopUITests";
			productReference = 47A8A9C422DE3A32005D9520 /* Dorm-a-ShopUITests.xctest */;
			productType = "com.apple.product-type.bundle.ui-testing";
		};
/* End PBXNativeTarget section */

/* Begin PBXProject section */
		47A8A99922DE3A30005D9520 /* Project object */ = {
			isa = PBXProject;
			attributes = {
				LastUpgradeCheck = 1020;
				ORGANIZATIONNAME = ilanashapiro;
				TargetAttributes = {
					47A8A9A022DE3A30005D9520 = {
						CreatedOnToolsVersion = 10.2.1;
						LastSwiftMigration = 1020;
					};
					47A8A9B822DE3A32005D9520 = {
						CreatedOnToolsVersion = 10.2.1;
						TestTargetID = 47A8A9A022DE3A30005D9520;
					};
					47A8A9C322DE3A32005D9520 = {
						CreatedOnToolsVersion = 10.2.1;
						TestTargetID = 47A8A9A022DE3A30005D9520;
					};
				};
			};
			buildConfigurationList = 47A8A99C22DE3A30005D9520 /* Build configuration list for PBXProject "Dorm-a-Shop" */;
			compatibilityVersion = "Xcode 9.3";
			developmentRegion = en;
			hasScannedForEncodings = 0;
			knownRegions = (
				en,
				Base,
			);
			mainGroup = 47A8A99822DE3A30005D9520;
			productRefGroup = 47A8A9A222DE3A30005D9520 /* Products */;
			projectDirPath = "";
			projectRoot = "";
			targets = (
				47A8A9A022DE3A30005D9520 /* Dorm-a-Shop */,
				47A8A9B822DE3A32005D9520 /* Dorm-a-ShopTests */,
				47A8A9C322DE3A32005D9520 /* Dorm-a-ShopUITests */,
			);
		};
/* End PBXProject section */

/* Begin PBXResourcesBuildPhase section */
		47A8A99F22DE3A30005D9520 /* Resources */ = {
			isa = PBXResourcesBuildPhase;
			buildActionMask = 2147483647;
			files = (
				DE877D7522FA3EB500C35587 /* chair_ROUGHNESS.png in Resources */,
				DE877D7222FA3EB500C35587 /* chair.scn in Resources */,
				DE877D7022FA3EB500C35587 /* ship.scn in Resources */,
				DE877D7622FA3EB500C35587 /* chair_DIFFUSE.png in Resources */,
				47A8A9B122DE3A32005D9520 /* LaunchScreen.storyboard in Resources */,
				DE877D7422FA3EB500C35587 /* chair_SHADOW.png in Resources */,
				47A8A9AC22DE3A30005D9520 /* Main.storyboard in Resources */,
				EA4315AF22F93C4200CC853D /* CardItemCollectionViewCell.xib in Resources */,
				DE877D7322FA3EB500C35587 /* chair_METALLIC.png in Resources */,
				DE877D7722FA3EB500C35587 /* chair_NORMAL.png in Resources */,
				EA0E3B0122FBE265003BE858 /* Assets.xcassets in Resources */,
				47185EBE22FCED8100674C81 /* Assets.xcassets in Resources */,
				DE877D7122FA3EB500C35587 /* ship.png in Resources */,
			);
			runOnlyForDeploymentPostprocessing = 0;
		};
		47A8A9B722DE3A32005D9520 /* Resources */ = {
			isa = PBXResourcesBuildPhase;
			buildActionMask = 2147483647;
			files = (
			);
			runOnlyForDeploymentPostprocessing = 0;
		};
		47A8A9C222DE3A32005D9520 /* Resources */ = {
			isa = PBXResourcesBuildPhase;
			buildActionMask = 2147483647;
			files = (
			);
			runOnlyForDeploymentPostprocessing = 0;
		};
/* End PBXResourcesBuildPhase section */

/* Begin PBXShellScriptBuildPhase section */
		2118446522C112C3A0873610 /* [CP] Check Pods Manifest.lock */ = {
			isa = PBXShellScriptBuildPhase;
			buildActionMask = 2147483647;
			files = (
			);
			inputFileListPaths = (
			);
			inputPaths = (
				"${PODS_PODFILE_DIR_PATH}/Podfile.lock",
				"${PODS_ROOT}/Manifest.lock",
			);
			name = "[CP] Check Pods Manifest.lock";
			outputFileListPaths = (
			);
			outputPaths = (
				"$(DERIVED_FILE_DIR)/Pods-Dorm-a-ShopTests-checkManifestLockResult.txt",
			);
			runOnlyForDeploymentPostprocessing = 0;
			shellPath = /bin/sh;
			shellScript = "diff \"${PODS_PODFILE_DIR_PATH}/Podfile.lock\" \"${PODS_ROOT}/Manifest.lock\" > /dev/null\nif [ $? != 0 ] ; then\n    # print error to STDERR\n    echo \"error: The sandbox is not in sync with the Podfile.lock. Run 'pod install' or update your CocoaPods installation.\" >&2\n    exit 1\nfi\n# This output is used by Xcode 'outputs' to avoid re-running this script phase.\necho \"SUCCESS\" > \"${SCRIPT_OUTPUT_FILE_0}\"\n";
			showEnvVarsInLog = 0;
		};
		5647514A8550D70B8F27EB23 /* [CP] Check Pods Manifest.lock */ = {
			isa = PBXShellScriptBuildPhase;
			buildActionMask = 2147483647;
			files = (
			);
			inputFileListPaths = (
			);
			inputPaths = (
				"${PODS_PODFILE_DIR_PATH}/Podfile.lock",
				"${PODS_ROOT}/Manifest.lock",
			);
			name = "[CP] Check Pods Manifest.lock";
			outputFileListPaths = (
			);
			outputPaths = (
				"$(DERIVED_FILE_DIR)/Pods-Dorm-a-ShopUITests-checkManifestLockResult.txt",
			);
			runOnlyForDeploymentPostprocessing = 0;
			shellPath = /bin/sh;
			shellScript = "diff \"${PODS_PODFILE_DIR_PATH}/Podfile.lock\" \"${PODS_ROOT}/Manifest.lock\" > /dev/null\nif [ $? != 0 ] ; then\n    # print error to STDERR\n    echo \"error: The sandbox is not in sync with the Podfile.lock. Run 'pod install' or update your CocoaPods installation.\" >&2\n    exit 1\nfi\n# This output is used by Xcode 'outputs' to avoid re-running this script phase.\necho \"SUCCESS\" > \"${SCRIPT_OUTPUT_FILE_0}\"\n";
			showEnvVarsInLog = 0;
		};
		5C86AEE08493B4AFE05CC9A1 /* [CP] Copy Pods Resources */ = {
			isa = PBXShellScriptBuildPhase;
			buildActionMask = 2147483647;
			files = (
			);
			inputFileListPaths = (
				"${PODS_ROOT}/Target Support Files/Pods-Dorm-a-Shop/Pods-Dorm-a-Shop-resources-${CONFIGURATION}-input-files.xcfilelist",
			);
			name = "[CP] Copy Pods Resources";
			outputFileListPaths = (
				"${PODS_ROOT}/Target Support Files/Pods-Dorm-a-Shop/Pods-Dorm-a-Shop-resources-${CONFIGURATION}-output-files.xcfilelist",
			);
			runOnlyForDeploymentPostprocessing = 0;
			shellPath = /bin/sh;
			shellScript = "\"${PODS_ROOT}/Target Support Files/Pods-Dorm-a-Shop/Pods-Dorm-a-Shop-resources.sh\"\n";
			showEnvVarsInLog = 0;
		};
		679ACD980F6F2F86866DE6EB /* [CP] Embed Pods Frameworks */ = {
			isa = PBXShellScriptBuildPhase;
			buildActionMask = 2147483647;
			files = (
			);
			inputFileListPaths = (
				"${PODS_ROOT}/Target Support Files/Pods-Dorm-a-Shop/Pods-Dorm-a-Shop-frameworks-${CONFIGURATION}-input-files.xcfilelist",
			);
			name = "[CP] Embed Pods Frameworks";
			outputFileListPaths = (
				"${PODS_ROOT}/Target Support Files/Pods-Dorm-a-Shop/Pods-Dorm-a-Shop-frameworks-${CONFIGURATION}-output-files.xcfilelist",
			);
			runOnlyForDeploymentPostprocessing = 0;
			shellPath = /bin/sh;
			shellScript = "\"${PODS_ROOT}/Target Support Files/Pods-Dorm-a-Shop/Pods-Dorm-a-Shop-frameworks.sh\"\n";
			showEnvVarsInLog = 0;
		};
		9CE361FB7B65C3BDF8420748 /* [CP] Check Pods Manifest.lock */ = {
			isa = PBXShellScriptBuildPhase;
			buildActionMask = 2147483647;
			files = (
			);
			inputFileListPaths = (
			);
			inputPaths = (
				"${PODS_PODFILE_DIR_PATH}/Podfile.lock",
				"${PODS_ROOT}/Manifest.lock",
			);
			name = "[CP] Check Pods Manifest.lock";
			outputFileListPaths = (
			);
			outputPaths = (
				"$(DERIVED_FILE_DIR)/Pods-Dorm-a-Shop-checkManifestLockResult.txt",
			);
			runOnlyForDeploymentPostprocessing = 0;
			shellPath = /bin/sh;
			shellScript = "diff \"${PODS_PODFILE_DIR_PATH}/Podfile.lock\" \"${PODS_ROOT}/Manifest.lock\" > /dev/null\nif [ $? != 0 ] ; then\n    # print error to STDERR\n    echo \"error: The sandbox is not in sync with the Podfile.lock. Run 'pod install' or update your CocoaPods installation.\" >&2\n    exit 1\nfi\n# This output is used by Xcode 'outputs' to avoid re-running this script phase.\necho \"SUCCESS\" > \"${SCRIPT_OUTPUT_FILE_0}\"\n";
			showEnvVarsInLog = 0;
		};
/* End PBXShellScriptBuildPhase section */

/* Begin PBXSourcesBuildPhase section */
		47A8A99D22DE3A30005D9520 /* Sources */ = {
			isa = PBXSourcesBuildPhase;
			buildActionMask = 2147483647;
			files = (
				470FB71722EF713F0088A3EC /* User.m in Sources */,
				47486BBA22F3D65500DE6D8E /* Review.m in Sources */,
				DE877D7A22FA3F6100C35587 /* NSNotificationCenter+MainThread.m in Sources */,
				EAEB723422E9315200426226 /* DraggableViewBackground.m in Sources */,
				47A8A9E022DE453C005D9520 /* HomeScreenViewController.m in Sources */,
				DE4FCFDA22E686DF00B1311F /* EditProfileVC.m in Sources */,
				DEFE7C8C22E64347006E3096 /* UserCell.m in Sources */,
				EAEB723D22E9369900426226 /* Card.m in Sources */,
				47A8A9B422DE3A32005D9520 /* main.m in Sources */,
				EA4315BA22F941A200CC853D /* MapsPopupVC.m in Sources */,
				DE4FCFD422E66FE500B1311F /* InboxViewController.m in Sources */,
				DED744F822DFE0A400394748 /* PostCollectionViewCell.m in Sources */,
				DE4FCFD722E6744100B1311F /* MessageViewController.m in Sources */,
				470FB71A22EF71780088A3EC /* Watches.m in Sources */,
				47486BD222F566C200DE6D8E /* ParseDatabaseManager.m in Sources */,
				47486BA822F3626E00DE6D8E /* CoreDataManager.m in Sources */,
				47A8A9A622DE3A30005D9520 /* AppDelegate.m in Sources */,
				EA4315BB22F941A200CC853D /* MapsVC.m in Sources */,
				EA03725E22E6501B00354DA2 /* ChatCell.m in Sources */,
				470FB6F922EF70240088A3EC /* LocationManager.m in Sources */,
				DEFE7C8922E640DF006E3096 /* SearchViewController.m in Sources */,
				DEA2B53922F4AE7800FC71DB /* ComposeReviewViewController.m in Sources */,
				EA6732F422DF96DE004E362F /* Utils.m in Sources */,
				EAEB724622E95C6B00426226 /* CardsViewController.m in Sources */,
				EAEB723922E9316200426226 /* DraggableView.m in Sources */,
				DE30800022DFD20500418DE3 /* ProfileViewController.m in Sources */,
				47A8A9F122E12528005D9520 /* WatchListViewController.m in Sources */,
				DE307FFD22DE7BE900418DE3 /* UploadViewController.m in Sources */,
				EA6732EE22DF95F5004E362F /* QAView.m in Sources */,
				EA6732DE22DF931C004E362F /* SignUpVC.m in Sources */,
				EA99514E22FCDCF700BF65AE /* UIButton+Expandable.m in Sources */,
				DE4DE33022FCE168009B3A56 /* UIButton+Expandable.m in Sources */,
				EA6732ED22DF95F5004E362F /* QAButton.m in Sources */,
				470FB72C22F0C09B0088A3EC /* Conversation.m in Sources */,
				47A8A9EB22DE7B2B005D9520 /* DetailsViewController.m in Sources */,
				EAEB723A22E9316200426226 /* OverlayView.m in Sources */,
				47415D0F22F956D700AF4C16 /* UILabel+Boldify.m in Sources */,
				EAEB724222E936CB00426226 /* CardItemCollectionViewCell.m in Sources */,
				477B581522FC069100003AAB /* ReviewDetailsViewController.m in Sources */,
				47A8A9DB22DE42E5005D9520 /* Post.m in Sources */,
				DE4FD01122EA3D1100B1311F /* DormAShop.xcdatamodeld in Sources */,
				EA0E3B0722FC85B3003BE858 /* SwipePopupVC.m in Sources */,
				47185EC122FD4BDD00674C81 /* SwipeRecord.m in Sources */,
				DE4DE33522FCE6D2009B3A56 /* MatchedViewController.m in Sources */,
				47A8A9E522DE45EF005D9520 /* PostTableViewCell.m in Sources */,
				DE877D6422FA3CC900C35587 /* ARViewController.swift in Sources */,
				EA0E3AFD22FAB11C003BE858 /* UserCollectionCell.m in Sources */,
				DEA2B53622F4AE4D00FC71DB /* SellerReviewsViewController.m in Sources */,
				47486BCF22F4ECEA00DE6D8E /* ReviewTableViewCell.m in Sources */,
				EAB1A80822F8272B00C4AA25 /* ParseLiveQueryObjCBridge.swift in Sources */,
				EA6732E822DF95E0004E362F /* NJOPasswordStrengthEvaluator.m in Sources */,
				EA6732F722DFAB25004E362F /* SignInVC.m in Sources */,
			);
			runOnlyForDeploymentPostprocessing = 0;
		};
		47A8A9B522DE3A32005D9520 /* Sources */ = {
			isa = PBXSourcesBuildPhase;
			buildActionMask = 2147483647;
			files = (
				47A8A9BE22DE3A32005D9520 /* Dorm_a_ShopTests.m in Sources */,
			);
			runOnlyForDeploymentPostprocessing = 0;
		};
		47A8A9C022DE3A32005D9520 /* Sources */ = {
			isa = PBXSourcesBuildPhase;
			buildActionMask = 2147483647;
			files = (
				47A8A9C922DE3A32005D9520 /* Dorm_a_ShopUITests.m in Sources */,
			);
			runOnlyForDeploymentPostprocessing = 0;
		};
/* End PBXSourcesBuildPhase section */

/* Begin PBXTargetDependency section */
		47A8A9BB22DE3A32005D9520 /* PBXTargetDependency */ = {
			isa = PBXTargetDependency;
			target = 47A8A9A022DE3A30005D9520 /* Dorm-a-Shop */;
			targetProxy = 47A8A9BA22DE3A32005D9520 /* PBXContainerItemProxy */;
		};
		47A8A9C622DE3A32005D9520 /* PBXTargetDependency */ = {
			isa = PBXTargetDependency;
			target = 47A8A9A022DE3A30005D9520 /* Dorm-a-Shop */;
			targetProxy = 47A8A9C522DE3A32005D9520 /* PBXContainerItemProxy */;
		};
/* End PBXTargetDependency section */

/* Begin PBXVariantGroup section */
		47A8A9AA22DE3A30005D9520 /* Main.storyboard */ = {
			isa = PBXVariantGroup;
			children = (
				47A8A9AB22DE3A30005D9520 /* Base */,
			);
			name = Main.storyboard;
			sourceTree = "<group>";
		};
		47A8A9AF22DE3A32005D9520 /* LaunchScreen.storyboard */ = {
			isa = PBXVariantGroup;
			children = (
				47A8A9B022DE3A32005D9520 /* Base */,
			);
			name = LaunchScreen.storyboard;
			sourceTree = "<group>";
		};
/* End PBXVariantGroup section */

/* Begin XCBuildConfiguration section */
		47A8A9CB22DE3A32005D9520 /* Debug */ = {
			isa = XCBuildConfiguration;
			buildSettings = {
				ALWAYS_SEARCH_USER_PATHS = NO;
				CLANG_ANALYZER_NONNULL = YES;
				CLANG_ANALYZER_NUMBER_OBJECT_CONVERSION = YES_AGGRESSIVE;
				CLANG_CXX_LANGUAGE_STANDARD = "gnu++14";
				CLANG_CXX_LIBRARY = "libc++";
				CLANG_ENABLE_MODULES = YES;
				CLANG_ENABLE_OBJC_ARC = YES;
				CLANG_ENABLE_OBJC_WEAK = YES;
				CLANG_WARN_BLOCK_CAPTURE_AUTORELEASING = YES;
				CLANG_WARN_BOOL_CONVERSION = YES;
				CLANG_WARN_COMMA = YES;
				CLANG_WARN_CONSTANT_CONVERSION = YES;
				CLANG_WARN_DEPRECATED_OBJC_IMPLEMENTATIONS = YES;
				CLANG_WARN_DIRECT_OBJC_ISA_USAGE = YES_ERROR;
				CLANG_WARN_DOCUMENTATION_COMMENTS = YES;
				CLANG_WARN_EMPTY_BODY = YES;
				CLANG_WARN_ENUM_CONVERSION = YES;
				CLANG_WARN_INFINITE_RECURSION = YES;
				CLANG_WARN_INT_CONVERSION = YES;
				CLANG_WARN_NON_LITERAL_NULL_CONVERSION = YES;
				CLANG_WARN_OBJC_IMPLICIT_RETAIN_SELF = YES;
				CLANG_WARN_OBJC_LITERAL_CONVERSION = YES;
				CLANG_WARN_OBJC_ROOT_CLASS = YES_ERROR;
				CLANG_WARN_RANGE_LOOP_ANALYSIS = YES;
				CLANG_WARN_STRICT_PROTOTYPES = YES;
				CLANG_WARN_SUSPICIOUS_MOVE = YES;
				CLANG_WARN_UNGUARDED_AVAILABILITY = YES_AGGRESSIVE;
				CLANG_WARN_UNREACHABLE_CODE = YES;
				CLANG_WARN__DUPLICATE_METHOD_MATCH = YES;
				CODE_SIGN_IDENTITY = "iPhone Developer";
				COPY_PHASE_STRIP = NO;
				DEBUG_INFORMATION_FORMAT = dwarf;
				ENABLE_STRICT_OBJC_MSGSEND = YES;
				ENABLE_TESTABILITY = YES;
				GCC_C_LANGUAGE_STANDARD = gnu11;
				GCC_DYNAMIC_NO_PIC = NO;
				GCC_NO_COMMON_BLOCKS = YES;
				GCC_OPTIMIZATION_LEVEL = 0;
				GCC_PREPROCESSOR_DEFINITIONS = (
					"DEBUG=1",
					"$(inherited)",
				);
				GCC_WARN_64_TO_32_BIT_CONVERSION = YES;
				GCC_WARN_ABOUT_RETURN_TYPE = YES_ERROR;
				GCC_WARN_UNDECLARED_SELECTOR = YES;
				GCC_WARN_UNINITIALIZED_AUTOS = YES_AGGRESSIVE;
				GCC_WARN_UNUSED_FUNCTION = YES;
				GCC_WARN_UNUSED_VARIABLE = YES;
				IPHONEOS_DEPLOYMENT_TARGET = 12.2;
				MTL_ENABLE_DEBUG_INFO = INCLUDE_SOURCE;
				MTL_FAST_MATH = YES;
				ONLY_ACTIVE_ARCH = YES;
				OTHER_LDFLAGS = "";
				SDKROOT = iphoneos;
			};
			name = Debug;
		};
		47A8A9CC22DE3A32005D9520 /* Release */ = {
			isa = XCBuildConfiguration;
			buildSettings = {
				ALWAYS_SEARCH_USER_PATHS = NO;
				CLANG_ANALYZER_NONNULL = YES;
				CLANG_ANALYZER_NUMBER_OBJECT_CONVERSION = YES_AGGRESSIVE;
				CLANG_CXX_LANGUAGE_STANDARD = "gnu++14";
				CLANG_CXX_LIBRARY = "libc++";
				CLANG_ENABLE_MODULES = YES;
				CLANG_ENABLE_OBJC_ARC = YES;
				CLANG_ENABLE_OBJC_WEAK = YES;
				CLANG_WARN_BLOCK_CAPTURE_AUTORELEASING = YES;
				CLANG_WARN_BOOL_CONVERSION = YES;
				CLANG_WARN_COMMA = YES;
				CLANG_WARN_CONSTANT_CONVERSION = YES;
				CLANG_WARN_DEPRECATED_OBJC_IMPLEMENTATIONS = YES;
				CLANG_WARN_DIRECT_OBJC_ISA_USAGE = YES_ERROR;
				CLANG_WARN_DOCUMENTATION_COMMENTS = YES;
				CLANG_WARN_EMPTY_BODY = YES;
				CLANG_WARN_ENUM_CONVERSION = YES;
				CLANG_WARN_INFINITE_RECURSION = YES;
				CLANG_WARN_INT_CONVERSION = YES;
				CLANG_WARN_NON_LITERAL_NULL_CONVERSION = YES;
				CLANG_WARN_OBJC_IMPLICIT_RETAIN_SELF = YES;
				CLANG_WARN_OBJC_LITERAL_CONVERSION = YES;
				CLANG_WARN_OBJC_ROOT_CLASS = YES_ERROR;
				CLANG_WARN_RANGE_LOOP_ANALYSIS = YES;
				CLANG_WARN_STRICT_PROTOTYPES = YES;
				CLANG_WARN_SUSPICIOUS_MOVE = YES;
				CLANG_WARN_UNGUARDED_AVAILABILITY = YES_AGGRESSIVE;
				CLANG_WARN_UNREACHABLE_CODE = YES;
				CLANG_WARN__DUPLICATE_METHOD_MATCH = YES;
				CODE_SIGN_IDENTITY = "iPhone Developer";
				COPY_PHASE_STRIP = NO;
				DEBUG_INFORMATION_FORMAT = "dwarf-with-dsym";
				ENABLE_NS_ASSERTIONS = NO;
				ENABLE_STRICT_OBJC_MSGSEND = YES;
				GCC_C_LANGUAGE_STANDARD = gnu11;
				GCC_NO_COMMON_BLOCKS = YES;
				GCC_WARN_64_TO_32_BIT_CONVERSION = YES;
				GCC_WARN_ABOUT_RETURN_TYPE = YES_ERROR;
				GCC_WARN_UNDECLARED_SELECTOR = YES;
				GCC_WARN_UNINITIALIZED_AUTOS = YES_AGGRESSIVE;
				GCC_WARN_UNUSED_FUNCTION = YES;
				GCC_WARN_UNUSED_VARIABLE = YES;
				IPHONEOS_DEPLOYMENT_TARGET = 12.2;
				MTL_ENABLE_DEBUG_INFO = NO;
				MTL_FAST_MATH = YES;
				OTHER_LDFLAGS = "";
				SDKROOT = iphoneos;
				VALIDATE_PRODUCT = YES;
			};
			name = Release;
		};
		47A8A9CE22DE3A32005D9520 /* Debug */ = {
			isa = XCBuildConfiguration;
			baseConfigurationReference = DAB21EC6927306F350ED2916 /* Pods-Dorm-a-Shop.debug.xcconfig */;
			buildSettings = {
				ASSETCATALOG_COMPILER_APPICON_NAME = AppIcon;
				CLANG_ENABLE_MODULES = YES;
				CODE_SIGN_STYLE = Automatic;
				DEVELOPMENT_TEAM = A3A3BF55QH;
				INFOPLIST_FILE = "Dorm-a-Shop/Info.plist";
				LD_RUNPATH_SEARCH_PATHS = (
					"$(inherited)",
					"@executable_path/Frameworks",
				);
				PRODUCT_BUNDLE_IDENTIFIER = "addisonzxy-gmail.com-Dorm-a-Shop";
				PRODUCT_NAME = "$(TARGET_NAME)";
				SWIFT_OBJC_BRIDGING_HEADER = "Dorm-a-Shop/View Controllers/Dorm-a-Shop-Bridging-Header.h";
				SWIFT_OPTIMIZATION_LEVEL = "-Onone";
				SWIFT_VERSION = 5.0;
				TARGETED_DEVICE_FAMILY = "1,2";
			};
			name = Debug;
		};
		47A8A9CF22DE3A32005D9520 /* Release */ = {
			isa = XCBuildConfiguration;
			baseConfigurationReference = 4F391BB0A88FF785BA25E839 /* Pods-Dorm-a-Shop.release.xcconfig */;
			buildSettings = {
				ASSETCATALOG_COMPILER_APPICON_NAME = AppIcon;
				CLANG_ENABLE_MODULES = YES;
				CODE_SIGN_STYLE = Automatic;
				DEVELOPMENT_TEAM = A3A3BF55QH;
				INFOPLIST_FILE = "Dorm-a-Shop/Info.plist";
				LD_RUNPATH_SEARCH_PATHS = (
					"$(inherited)",
					"@executable_path/Frameworks",
				);
				PRODUCT_BUNDLE_IDENTIFIER = "addisonzxy-gmail.com-Dorm-a-Shop";
				PRODUCT_NAME = "$(TARGET_NAME)";
				SWIFT_OBJC_BRIDGING_HEADER = "Dorm-a-Shop/View Controllers/Dorm-a-Shop-Bridging-Header.h";
				SWIFT_VERSION = 5.0;
				TARGETED_DEVICE_FAMILY = "1,2";
			};
			name = Release;
		};
		47A8A9D122DE3A32005D9520 /* Debug */ = {
			isa = XCBuildConfiguration;
			baseConfigurationReference = 7B990968EF4F50E238A28966 /* Pods-Dorm-a-ShopTests.debug.xcconfig */;
			buildSettings = {
				ALWAYS_EMBED_SWIFT_STANDARD_LIBRARIES = YES;
				BUNDLE_LOADER = "$(TEST_HOST)";
				CODE_SIGN_STYLE = Automatic;
				INFOPLIST_FILE = "Dorm-a-ShopTests/Info.plist";
				LD_RUNPATH_SEARCH_PATHS = (
					"$(inherited)",
					"@executable_path/Frameworks",
					"@loader_path/Frameworks",
				);
				PRODUCT_BUNDLE_IDENTIFIER = "com.ilanashapiro.Dorm-a-ShopTests";
				PRODUCT_NAME = "$(TARGET_NAME)";
				TARGETED_DEVICE_FAMILY = "1,2";
				TEST_HOST = "$(BUILT_PRODUCTS_DIR)/Dorm-a-Shop.app/Dorm-a-Shop";
			};
			name = Debug;
		};
		47A8A9D222DE3A32005D9520 /* Release */ = {
			isa = XCBuildConfiguration;
			baseConfigurationReference = 08E64F22EC47F3B5CBDAC20F /* Pods-Dorm-a-ShopTests.release.xcconfig */;
			buildSettings = {
				ALWAYS_EMBED_SWIFT_STANDARD_LIBRARIES = YES;
				BUNDLE_LOADER = "$(TEST_HOST)";
				CODE_SIGN_STYLE = Automatic;
				INFOPLIST_FILE = "Dorm-a-ShopTests/Info.plist";
				LD_RUNPATH_SEARCH_PATHS = (
					"$(inherited)",
					"@executable_path/Frameworks",
					"@loader_path/Frameworks",
				);
				PRODUCT_BUNDLE_IDENTIFIER = "com.ilanashapiro.Dorm-a-ShopTests";
				PRODUCT_NAME = "$(TARGET_NAME)";
				TARGETED_DEVICE_FAMILY = "1,2";
				TEST_HOST = "$(BUILT_PRODUCTS_DIR)/Dorm-a-Shop.app/Dorm-a-Shop";
			};
			name = Release;
		};
		47A8A9D422DE3A32005D9520 /* Debug */ = {
			isa = XCBuildConfiguration;
			baseConfigurationReference = 263DD222A783046F1F35C90A /* Pods-Dorm-a-ShopUITests.debug.xcconfig */;
			buildSettings = {
				ALWAYS_EMBED_SWIFT_STANDARD_LIBRARIES = YES;
				CODE_SIGN_STYLE = Automatic;
				INFOPLIST_FILE = "Dorm-a-ShopUITests/Info.plist";
				LD_RUNPATH_SEARCH_PATHS = (
					"$(inherited)",
					"@executable_path/Frameworks",
					"@loader_path/Frameworks",
				);
				PRODUCT_BUNDLE_IDENTIFIER = "com.ilanashapiro.Dorm-a-ShopUITests";
				PRODUCT_NAME = "$(TARGET_NAME)";
				TARGETED_DEVICE_FAMILY = "1,2";
				TEST_TARGET_NAME = "Dorm-a-Shop";
			};
			name = Debug;
		};
		47A8A9D522DE3A32005D9520 /* Release */ = {
			isa = XCBuildConfiguration;
			baseConfigurationReference = 241F52E5E4F95328E461C4ED /* Pods-Dorm-a-ShopUITests.release.xcconfig */;
			buildSettings = {
				ALWAYS_EMBED_SWIFT_STANDARD_LIBRARIES = YES;
				CODE_SIGN_STYLE = Automatic;
				INFOPLIST_FILE = "Dorm-a-ShopUITests/Info.plist";
				LD_RUNPATH_SEARCH_PATHS = (
					"$(inherited)",
					"@executable_path/Frameworks",
					"@loader_path/Frameworks",
				);
				PRODUCT_BUNDLE_IDENTIFIER = "com.ilanashapiro.Dorm-a-ShopUITests";
				PRODUCT_NAME = "$(TARGET_NAME)";
				TARGETED_DEVICE_FAMILY = "1,2";
				TEST_TARGET_NAME = "Dorm-a-Shop";
			};
			name = Release;
		};
/* End XCBuildConfiguration section */

/* Begin XCConfigurationList section */
		47A8A99C22DE3A30005D9520 /* Build configuration list for PBXProject "Dorm-a-Shop" */ = {
			isa = XCConfigurationList;
			buildConfigurations = (
				47A8A9CB22DE3A32005D9520 /* Debug */,
				47A8A9CC22DE3A32005D9520 /* Release */,
			);
			defaultConfigurationIsVisible = 0;
			defaultConfigurationName = Release;
		};
		47A8A9CD22DE3A32005D9520 /* Build configuration list for PBXNativeTarget "Dorm-a-Shop" */ = {
			isa = XCConfigurationList;
			buildConfigurations = (
				47A8A9CE22DE3A32005D9520 /* Debug */,
				47A8A9CF22DE3A32005D9520 /* Release */,
			);
			defaultConfigurationIsVisible = 0;
			defaultConfigurationName = Release;
		};
		47A8A9D022DE3A32005D9520 /* Build configuration list for PBXNativeTarget "Dorm-a-ShopTests" */ = {
			isa = XCConfigurationList;
			buildConfigurations = (
				47A8A9D122DE3A32005D9520 /* Debug */,
				47A8A9D222DE3A32005D9520 /* Release */,
			);
			defaultConfigurationIsVisible = 0;
			defaultConfigurationName = Release;
		};
		47A8A9D322DE3A32005D9520 /* Build configuration list for PBXNativeTarget "Dorm-a-ShopUITests" */ = {
			isa = XCConfigurationList;
			buildConfigurations = (
				47A8A9D422DE3A32005D9520 /* Debug */,
				47A8A9D522DE3A32005D9520 /* Release */,
			);
			defaultConfigurationIsVisible = 0;
			defaultConfigurationName = Release;
		};
/* End XCConfigurationList section */

/* Begin XCVersionGroup section */
		DE4FD00F22EA3D1100B1311F /* DormAShop.xcdatamodeld */ = {
			isa = XCVersionGroup;
			children = (
				DE4FD01022EA3D1100B1311F /* DormAShop.xcdatamodel */,
			);
			currentVersion = DE4FD01022EA3D1100B1311F /* DormAShop.xcdatamodel */;
			path = DormAShop.xcdatamodeld;
			sourceTree = "<group>";
			versionGroupType = wrapper.xcdatamodel;
		};
/* End XCVersionGroup section */
	};
	rootObject = 47A8A99922DE3A30005D9520 /* Project object */;
}
