// !$*UTF8*$!
{
	archiveVersion = 1;
	classes = {
	};
	objectVersion = 51;
	objects = {

/* Begin PBXBuildFile section */
		4715CDDB22E7942F00E2E916 /* DormAShop.xcdatamodeld in Sources */ = {isa = PBXBuildFile; fileRef = 4715CDD922E7942F00E2E916 /* DormAShop.xcdatamodeld */; };
		4715CDF322E7C21100E2E916 /* LocationManager.m in Sources */ = {isa = PBXBuildFile; fileRef = 4715CDF222E7C21100E2E916 /* LocationManager.m */; };
		47A8A9A622DE3A30005D9520 /* AppDelegate.m in Sources */ = {isa = PBXBuildFile; fileRef = 47A8A9A522DE3A30005D9520 /* AppDelegate.m */; };
		47A8A9AC22DE3A30005D9520 /* Main.storyboard in Resources */ = {isa = PBXBuildFile; fileRef = 47A8A9AA22DE3A30005D9520 /* Main.storyboard */; };
		47A8A9AE22DE3A32005D9520 /* Assets.xcassets in Resources */ = {isa = PBXBuildFile; fileRef = 47A8A9AD22DE3A32005D9520 /* Assets.xcassets */; };
		47A8A9B122DE3A32005D9520 /* LaunchScreen.storyboard in Resources */ = {isa = PBXBuildFile; fileRef = 47A8A9AF22DE3A32005D9520 /* LaunchScreen.storyboard */; };
		47A8A9B422DE3A32005D9520 /* main.m in Sources */ = {isa = PBXBuildFile; fileRef = 47A8A9B322DE3A32005D9520 /* main.m */; };
		47A8A9BE22DE3A32005D9520 /* Dorm_a_ShopTests.m in Sources */ = {isa = PBXBuildFile; fileRef = 47A8A9BD22DE3A32005D9520 /* Dorm_a_ShopTests.m */; };
		47A8A9C922DE3A32005D9520 /* Dorm_a_ShopUITests.m in Sources */ = {isa = PBXBuildFile; fileRef = 47A8A9C822DE3A32005D9520 /* Dorm_a_ShopUITests.m */; };
		47A8A9DB22DE42E5005D9520 /* Post.m in Sources */ = {isa = PBXBuildFile; fileRef = 47A8A9DA22DE42E5005D9520 /* Post.m */; };
		47A8A9E022DE453C005D9520 /* HomeScreenViewController.m in Sources */ = {isa = PBXBuildFile; fileRef = 47A8A9DF22DE453C005D9520 /* HomeScreenViewController.m */; };
		47A8A9E522DE45EF005D9520 /* PostTableViewCell.m in Sources */ = {isa = PBXBuildFile; fileRef = 47A8A9E422DE45EF005D9520 /* PostTableViewCell.m */; };
		47A8A9EB22DE7B2B005D9520 /* DetailsViewController.m in Sources */ = {isa = PBXBuildFile; fileRef = 47A8A9EA22DE7B2B005D9520 /* DetailsViewController.m */; };
		47A8A9F122E12528005D9520 /* WatchListViewController.m in Sources */ = {isa = PBXBuildFile; fileRef = 47A8A9F022E12528005D9520 /* WatchListViewController.m */; };
		47A8A9F722E291F1005D9520 /* PostManager.m in Sources */ = {isa = PBXBuildFile; fileRef = 47A8A9F622E291F1005D9520 /* PostManager.m */; };
		4D6E9F6C086D7869B5467E8A /* Pods_Dorm_a_Shop.framework in Frameworks */ = {isa = PBXBuildFile; fileRef = 4268938640FC639A22F54977 /* Pods_Dorm_a_Shop.framework */; };
		90D753A1636A3A9534074E8F /* Pods_Dorm_a_ShopTests.framework in Frameworks */ = {isa = PBXBuildFile; fileRef = B0F27A5835AC43FFDCD492CA /* Pods_Dorm_a_ShopTests.framework */; };
		DE307FFD22DE7BE900418DE3 /* UploadViewController.m in Sources */ = {isa = PBXBuildFile; fileRef = DE307FFC22DE7BE900418DE3 /* UploadViewController.m */; };
		DE30800022DFD20500418DE3 /* ProfileViewController.m in Sources */ = {isa = PBXBuildFile; fileRef = DE307FFF22DFD20500418DE3 /* ProfileViewController.m */; };
		DE4FCFD422E66FE500B1311F /* InboxViewController.m in Sources */ = {isa = PBXBuildFile; fileRef = DE4FCFD322E66FE500B1311F /* InboxViewController.m */; };
		DE4FCFD722E6744100B1311F /* MessageViewController.m in Sources */ = {isa = PBXBuildFile; fileRef = DE4FCFD622E6744100B1311F /* MessageViewController.m */; };
		DE4FCFDA22E686DF00B1311F /* EditProfileVC.m in Sources */ = {isa = PBXBuildFile; fileRef = DE4FCFD922E686DE00B1311F /* EditProfileVC.m */; };
		DE4FD00E22E90A0900B1311F /* ClientManager.m in Sources */ = {isa = PBXBuildFile; fileRef = DE4FD00D22E90A0900B1311F /* ClientManager.m */; };
		DED744F822DFE0A400394748 /* PostCollectionViewCell.m in Sources */ = {isa = PBXBuildFile; fileRef = DED744F722DFE0A400394748 /* PostCollectionViewCell.m */; };
		DEFE7C8922E640DF006E3096 /* SearchViewController.m in Sources */ = {isa = PBXBuildFile; fileRef = DEFE7C8822E640DF006E3096 /* SearchViewController.m */; };
		DEFE7C8C22E64347006E3096 /* UserCell.m in Sources */ = {isa = PBXBuildFile; fileRef = DEFE7C8B22E64347006E3096 /* UserCell.m */; };
		EA03725E22E6501B00354DA2 /* ChatCell.m in Sources */ = {isa = PBXBuildFile; fileRef = EA03725D22E6501B00354DA2 /* ChatCell.m */; };
		EA6732DE22DF931C004E362F /* SignUpVC.m in Sources */ = {isa = PBXBuildFile; fileRef = EA6732DD22DF931C004E362F /* SignUpVC.m */; };
		EA6732E822DF95E0004E362F /* NJOPasswordStrengthEvaluator.m in Sources */ = {isa = PBXBuildFile; fileRef = EA6732E722DF95E0004E362F /* NJOPasswordStrengthEvaluator.m */; };
		EA6732ED22DF95F5004E362F /* QAButton.m in Sources */ = {isa = PBXBuildFile; fileRef = EA6732E922DF95F5004E362F /* QAButton.m */; };
		EA6732EE22DF95F5004E362F /* QAView.m in Sources */ = {isa = PBXBuildFile; fileRef = EA6732EB22DF95F5004E362F /* QAView.m */; };
		EA6732F422DF96DE004E362F /* Utils.m in Sources */ = {isa = PBXBuildFile; fileRef = EA6732F322DF96DE004E362F /* Utils.m */; };
		EA6732F722DFAB25004E362F /* SignInVC.m in Sources */ = {isa = PBXBuildFile; fileRef = EA6732F622DFAB25004E362F /* SignInVC.m */; };
		EECDD1FF4F471AAB79FA48C6 /* Pods_Dorm_a_ShopUITests.framework in Frameworks */ = {isa = PBXBuildFile; fileRef = 4F9FAC4896E8B29719A398C9 /* Pods_Dorm_a_ShopUITests.framework */; };
/* End PBXBuildFile section */

/* Begin PBXContainerItemProxy section */
		47A8A9BA22DE3A32005D9520 /* PBXContainerItemProxy */ = {
			isa = PBXContainerItemProxy;
			containerPortal = 47A8A99922DE3A30005D9520 /* Project object */;
			proxyType = 1;
			remoteGlobalIDString = 47A8A9A022DE3A30005D9520;
			remoteInfo = "Dorm-a-Shop";
		};
		47A8A9C522DE3A32005D9520 /* PBXContainerItemProxy */ = {
			isa = PBXContainerItemProxy;
			containerPortal = 47A8A99922DE3A30005D9520 /* Project object */;
			proxyType = 1;
			remoteGlobalIDString = 47A8A9A022DE3A30005D9520;
			remoteInfo = "Dorm-a-Shop";
		};
/* End PBXContainerItemProxy section */

/* Begin PBXFileReference section */
		08E64F22EC47F3B5CBDAC20F /* Pods-Dorm-a-ShopTests.release.xcconfig */ = {isa = PBXFileReference; includeInIndex = 1; lastKnownFileType = text.xcconfig; name = "Pods-Dorm-a-ShopTests.release.xcconfig"; path = "Target Support Files/Pods-Dorm-a-ShopTests/Pods-Dorm-a-ShopTests.release.xcconfig"; sourceTree = "<group>"; };
		241F52E5E4F95328E461C4ED /* Pods-Dorm-a-ShopUITests.release.xcconfig */ = {isa = PBXFileReference; includeInIndex = 1; lastKnownFileType = text.xcconfig; name = "Pods-Dorm-a-ShopUITests.release.xcconfig"; path = "Target Support Files/Pods-Dorm-a-ShopUITests/Pods-Dorm-a-ShopUITests.release.xcconfig"; sourceTree = "<group>"; };
		263DD222A783046F1F35C90A /* Pods-Dorm-a-ShopUITests.debug.xcconfig */ = {isa = PBXFileReference; includeInIndex = 1; lastKnownFileType = text.xcconfig; name = "Pods-Dorm-a-ShopUITests.debug.xcconfig"; path = "Target Support Files/Pods-Dorm-a-ShopUITests/Pods-Dorm-a-ShopUITests.debug.xcconfig"; sourceTree = "<group>"; };
		4268938640FC639A22F54977 /* Pods_Dorm_a_Shop.framework */ = {isa = PBXFileReference; explicitFileType = wrapper.framework; includeInIndex = 0; path = Pods_Dorm_a_Shop.framework; sourceTree = BUILT_PRODUCTS_DIR; };
		4715CD9322E7914800E2E916 /* CoreData.framework */ = {isa = PBXFileReference; lastKnownFileType = wrapper.framework; name = CoreData.framework; path = System/Library/Frameworks/CoreData.framework; sourceTree = SDKROOT; };
		4715CDDA22E7942F00E2E916 /* DormAShop.xcdatamodel */ = {isa = PBXFileReference; lastKnownFileType = wrapper.xcdatamodel; path = DormAShop.xcdatamodel; sourceTree = "<group>"; };
		4715CDF122E7C21100E2E916 /* LocationManager.h */ = {isa = PBXFileReference; fileEncoding = 4; lastKnownFileType = sourcecode.c.h; path = LocationManager.h; sourceTree = "<group>"; };
		4715CDF222E7C21100E2E916 /* LocationManager.m */ = {isa = PBXFileReference; fileEncoding = 4; lastKnownFileType = sourcecode.c.objc; path = LocationManager.m; sourceTree = "<group>"; };
		47A8A9A122DE3A30005D9520 /* Dorm-a-Shop.app */ = {isa = PBXFileReference; explicitFileType = wrapper.application; includeInIndex = 0; path = "Dorm-a-Shop.app"; sourceTree = BUILT_PRODUCTS_DIR; };
		47A8A9A422DE3A30005D9520 /* AppDelegate.h */ = {isa = PBXFileReference; lastKnownFileType = sourcecode.c.h; path = AppDelegate.h; sourceTree = "<group>"; };
		47A8A9A522DE3A30005D9520 /* AppDelegate.m */ = {isa = PBXFileReference; lastKnownFileType = sourcecode.c.objc; path = AppDelegate.m; sourceTree = "<group>"; };
		47A8A9AB22DE3A30005D9520 /* Base */ = {isa = PBXFileReference; lastKnownFileType = file.storyboard; name = Base; path = Base.lproj/Main.storyboard; sourceTree = "<group>"; };
		47A8A9AD22DE3A32005D9520 /* Assets.xcassets */ = {isa = PBXFileReference; lastKnownFileType = folder.assetcatalog; path = Assets.xcassets; sourceTree = "<group>"; };
		47A8A9B022DE3A32005D9520 /* Base */ = {isa = PBXFileReference; lastKnownFileType = file.storyboard; name = Base; path = Base.lproj/LaunchScreen.storyboard; sourceTree = "<group>"; };
		47A8A9B222DE3A32005D9520 /* Info.plist */ = {isa = PBXFileReference; lastKnownFileType = text.plist.xml; path = Info.plist; sourceTree = "<group>"; };
		47A8A9B322DE3A32005D9520 /* main.m */ = {isa = PBXFileReference; lastKnownFileType = sourcecode.c.objc; path = main.m; sourceTree = "<group>"; };
		47A8A9B922DE3A32005D9520 /* Dorm-a-ShopTests.xctest */ = {isa = PBXFileReference; explicitFileType = wrapper.cfbundle; includeInIndex = 0; path = "Dorm-a-ShopTests.xctest"; sourceTree = BUILT_PRODUCTS_DIR; };
		47A8A9BD22DE3A32005D9520 /* Dorm_a_ShopTests.m */ = {isa = PBXFileReference; lastKnownFileType = sourcecode.c.objc; path = Dorm_a_ShopTests.m; sourceTree = "<group>"; };
		47A8A9BF22DE3A32005D9520 /* Info.plist */ = {isa = PBXFileReference; lastKnownFileType = text.plist.xml; path = Info.plist; sourceTree = "<group>"; };
		47A8A9C422DE3A32005D9520 /* Dorm-a-ShopUITests.xctest */ = {isa = PBXFileReference; explicitFileType = wrapper.cfbundle; includeInIndex = 0; path = "Dorm-a-ShopUITests.xctest"; sourceTree = BUILT_PRODUCTS_DIR; };
		47A8A9C822DE3A32005D9520 /* Dorm_a_ShopUITests.m */ = {isa = PBXFileReference; lastKnownFileType = sourcecode.c.objc; path = Dorm_a_ShopUITests.m; sourceTree = "<group>"; };
		47A8A9CA22DE3A32005D9520 /* Info.plist */ = {isa = PBXFileReference; lastKnownFileType = text.plist.xml; path = Info.plist; sourceTree = "<group>"; };
		47A8A9D922DE42E5005D9520 /* Post.h */ = {isa = PBXFileReference; lastKnownFileType = sourcecode.c.h; path = Post.h; sourceTree = "<group>"; };
		47A8A9DA22DE42E5005D9520 /* Post.m */ = {isa = PBXFileReference; lastKnownFileType = sourcecode.c.objc; path = Post.m; sourceTree = "<group>"; };
		47A8A9DE22DE453C005D9520 /* HomeScreenViewController.h */ = {isa = PBXFileReference; lastKnownFileType = sourcecode.c.h; path = HomeScreenViewController.h; sourceTree = "<group>"; };
		47A8A9DF22DE453C005D9520 /* HomeScreenViewController.m */ = {isa = PBXFileReference; lastKnownFileType = sourcecode.c.objc; path = HomeScreenViewController.m; sourceTree = "<group>"; };
		47A8A9E322DE45EF005D9520 /* PostTableViewCell.h */ = {isa = PBXFileReference; lastKnownFileType = sourcecode.c.h; path = PostTableViewCell.h; sourceTree = "<group>"; };
		47A8A9E422DE45EF005D9520 /* PostTableViewCell.m */ = {isa = PBXFileReference; lastKnownFileType = sourcecode.c.objc; path = PostTableViewCell.m; sourceTree = "<group>"; };
		47A8A9E922DE7B2B005D9520 /* DetailsViewController.h */ = {isa = PBXFileReference; lastKnownFileType = sourcecode.c.h; path = DetailsViewController.h; sourceTree = "<group>"; };
		47A8A9EA22DE7B2B005D9520 /* DetailsViewController.m */ = {isa = PBXFileReference; lastKnownFileType = sourcecode.c.objc; path = DetailsViewController.m; sourceTree = "<group>"; };
		47A8A9EF22E12528005D9520 /* WatchListViewController.h */ = {isa = PBXFileReference; lastKnownFileType = sourcecode.c.h; path = WatchListViewController.h; sourceTree = "<group>"; };
		47A8A9F022E12528005D9520 /* WatchListViewController.m */ = {isa = PBXFileReference; lastKnownFileType = sourcecode.c.objc; path = WatchListViewController.m; sourceTree = "<group>"; };
		47A8A9F522E291F1005D9520 /* PostManager.h */ = {isa = PBXFileReference; lastKnownFileType = sourcecode.c.h; path = PostManager.h; sourceTree = "<group>"; };
		47A8A9F622E291F1005D9520 /* PostManager.m */ = {isa = PBXFileReference; lastKnownFileType = sourcecode.c.objc; path = PostManager.m; sourceTree = "<group>"; };
		4F391BB0A88FF785BA25E839 /* Pods-Dorm-a-Shop.release.xcconfig */ = {isa = PBXFileReference; includeInIndex = 1; lastKnownFileType = text.xcconfig; name = "Pods-Dorm-a-Shop.release.xcconfig"; path = "Target Support Files/Pods-Dorm-a-Shop/Pods-Dorm-a-Shop.release.xcconfig"; sourceTree = "<group>"; };
		4F9FAC4896E8B29719A398C9 /* Pods_Dorm_a_ShopUITests.framework */ = {isa = PBXFileReference; explicitFileType = wrapper.framework; includeInIndex = 0; path = Pods_Dorm_a_ShopUITests.framework; sourceTree = BUILT_PRODUCTS_DIR; };
		7B990968EF4F50E238A28966 /* Pods-Dorm-a-ShopTests.debug.xcconfig */ = {isa = PBXFileReference; includeInIndex = 1; lastKnownFileType = text.xcconfig; name = "Pods-Dorm-a-ShopTests.debug.xcconfig"; path = "Target Support Files/Pods-Dorm-a-ShopTests/Pods-Dorm-a-ShopTests.debug.xcconfig"; sourceTree = "<group>"; };
		B0F27A5835AC43FFDCD492CA /* Pods_Dorm_a_ShopTests.framework */ = {isa = PBXFileReference; explicitFileType = wrapper.framework; includeInIndex = 0; path = Pods_Dorm_a_ShopTests.framework; sourceTree = BUILT_PRODUCTS_DIR; };
		DAB21EC6927306F350ED2916 /* Pods-Dorm-a-Shop.debug.xcconfig */ = {isa = PBXFileReference; includeInIndex = 1; lastKnownFileType = text.xcconfig; name = "Pods-Dorm-a-Shop.debug.xcconfig"; path = "Target Support Files/Pods-Dorm-a-Shop/Pods-Dorm-a-Shop.debug.xcconfig"; sourceTree = "<group>"; };
		DE307FFB22DE7BE900418DE3 /* UploadViewController.h */ = {isa = PBXFileReference; lastKnownFileType = sourcecode.c.h; path = UploadViewController.h; sourceTree = "<group>"; };
		DE307FFC22DE7BE900418DE3 /* UploadViewController.m */ = {isa = PBXFileReference; lastKnownFileType = sourcecode.c.objc; path = UploadViewController.m; sourceTree = "<group>"; };
		DE307FFE22DFD20500418DE3 /* ProfileViewController.h */ = {isa = PBXFileReference; lastKnownFileType = sourcecode.c.h; path = ProfileViewController.h; sourceTree = "<group>"; };
		DE307FFF22DFD20500418DE3 /* ProfileViewController.m */ = {isa = PBXFileReference; lastKnownFileType = sourcecode.c.objc; path = ProfileViewController.m; sourceTree = "<group>"; };
		DE4FCFD222E66FE500B1311F /* InboxViewController.h */ = {isa = PBXFileReference; lastKnownFileType = sourcecode.c.h; path = InboxViewController.h; sourceTree = "<group>"; };
		DE4FCFD322E66FE500B1311F /* InboxViewController.m */ = {isa = PBXFileReference; lastKnownFileType = sourcecode.c.objc; path = InboxViewController.m; sourceTree = "<group>"; };
		DE4FCFD522E6744100B1311F /* MessageViewController.h */ = {isa = PBXFileReference; lastKnownFileType = sourcecode.c.h; path = MessageViewController.h; sourceTree = "<group>"; };
		DE4FCFD622E6744100B1311F /* MessageViewController.m */ = {isa = PBXFileReference; lastKnownFileType = sourcecode.c.objc; path = MessageViewController.m; sourceTree = "<group>"; };
		DE4FCFD822E686DE00B1311F /* EditProfileVC.h */ = {isa = PBXFileReference; fileEncoding = 4; lastKnownFileType = sourcecode.c.h; path = EditProfileVC.h; sourceTree = "<group>"; };
		DE4FCFD922E686DE00B1311F /* EditProfileVC.m */ = {isa = PBXFileReference; fileEncoding = 4; lastKnownFileType = sourcecode.c.objc; path = EditProfileVC.m; sourceTree = "<group>"; };
		DE4FD00C22E90A0900B1311F /* ClientManager.h */ = {isa = PBXFileReference; lastKnownFileType = sourcecode.c.h; path = ClientManager.h; sourceTree = "<group>"; };
		DE4FD00D22E90A0900B1311F /* ClientManager.m */ = {isa = PBXFileReference; lastKnownFileType = sourcecode.c.objc; path = ClientManager.m; sourceTree = "<group>"; };
		DED744F622DFE0A400394748 /* PostCollectionViewCell.h */ = {isa = PBXFileReference; lastKnownFileType = sourcecode.c.h; path = PostCollectionViewCell.h; sourceTree = "<group>"; };
		DED744F722DFE0A400394748 /* PostCollectionViewCell.m */ = {isa = PBXFileReference; lastKnownFileType = sourcecode.c.objc; path = PostCollectionViewCell.m; sourceTree = "<group>"; };
		DEFE7C8722E640DF006E3096 /* SearchViewController.h */ = {isa = PBXFileReference; lastKnownFileType = sourcecode.c.h; path = SearchViewController.h; sourceTree = "<group>"; };
		DEFE7C8822E640DF006E3096 /* SearchViewController.m */ = {isa = PBXFileReference; lastKnownFileType = sourcecode.c.objc; path = SearchViewController.m; sourceTree = "<group>"; };
		DEFE7C8A22E64347006E3096 /* UserCell.h */ = {isa = PBXFileReference; lastKnownFileType = sourcecode.c.h; path = UserCell.h; sourceTree = "<group>"; };
		DEFE7C8B22E64347006E3096 /* UserCell.m */ = {isa = PBXFileReference; lastKnownFileType = sourcecode.c.objc; path = UserCell.m; sourceTree = "<group>"; };
		EA03725C22E6501B00354DA2 /* ChatCell.h */ = {isa = PBXFileReference; lastKnownFileType = sourcecode.c.h; path = ChatCell.h; sourceTree = "<group>"; };
		EA03725D22E6501B00354DA2 /* ChatCell.m */ = {isa = PBXFileReference; lastKnownFileType = sourcecode.c.objc; path = ChatCell.m; sourceTree = "<group>"; };
		EA6732DC22DF931C004E362F /* SignUpVC.h */ = {isa = PBXFileReference; fileEncoding = 4; lastKnownFileType = sourcecode.c.h; path = SignUpVC.h; sourceTree = "<group>"; };
		EA6732DD22DF931C004E362F /* SignUpVC.m */ = {isa = PBXFileReference; fileEncoding = 4; lastKnownFileType = sourcecode.c.objc; path = SignUpVC.m; sourceTree = "<group>"; };
		EA6732E622DF95E0004E362F /* NJOPasswordStrengthEvaluator.h */ = {isa = PBXFileReference; fileEncoding = 4; lastKnownFileType = sourcecode.c.h; path = NJOPasswordStrengthEvaluator.h; sourceTree = "<group>"; };
		EA6732E722DF95E0004E362F /* NJOPasswordStrengthEvaluator.m */ = {isa = PBXFileReference; fileEncoding = 4; lastKnownFileType = sourcecode.c.objc; path = NJOPasswordStrengthEvaluator.m; sourceTree = "<group>"; };
		EA6732E922DF95F5004E362F /* QAButton.m */ = {isa = PBXFileReference; fileEncoding = 4; lastKnownFileType = sourcecode.c.objc; path = QAButton.m; sourceTree = "<group>"; };
		EA6732EA22DF95F5004E362F /* QAView.h */ = {isa = PBXFileReference; fileEncoding = 4; lastKnownFileType = sourcecode.c.h; path = QAView.h; sourceTree = "<group>"; };
		EA6732EB22DF95F5004E362F /* QAView.m */ = {isa = PBXFileReference; fileEncoding = 4; lastKnownFileType = sourcecode.c.objc; path = QAView.m; sourceTree = "<group>"; };
		EA6732EC22DF95F5004E362F /* QAButton.h */ = {isa = PBXFileReference; fileEncoding = 4; lastKnownFileType = sourcecode.c.h; path = QAButton.h; sourceTree = "<group>"; };
		EA6732F222DF96DE004E362F /* Utils.h */ = {isa = PBXFileReference; lastKnownFileType = sourcecode.c.h; path = Utils.h; sourceTree = "<group>"; };
		EA6732F322DF96DE004E362F /* Utils.m */ = {isa = PBXFileReference; lastKnownFileType = sourcecode.c.objc; path = Utils.m; sourceTree = "<group>"; };
		EA6732F522DFAB25004E362F /* SignInVC.h */ = {isa = PBXFileReference; lastKnownFileType = sourcecode.c.h; path = SignInVC.h; sourceTree = "<group>"; };
		EA6732F622DFAB25004E362F /* SignInVC.m */ = {isa = PBXFileReference; lastKnownFileType = sourcecode.c.objc; path = SignInVC.m; sourceTree = "<group>"; };
/* End PBXFileReference section */

/* Begin PBXFrameworksBuildPhase section */
		47A8A99E22DE3A30005D9520 /* Frameworks */ = {
			isa = PBXFrameworksBuildPhase;
			buildActionMask = 2147483647;
			files = (
				4D6E9F6C086D7869B5467E8A /* Pods_Dorm_a_Shop.framework in Frameworks */,
			);
			runOnlyForDeploymentPostprocessing = 0;
		};
		47A8A9B622DE3A32005D9520 /* Frameworks */ = {
			isa = PBXFrameworksBuildPhase;
			buildActionMask = 2147483647;
			files = (
				90D753A1636A3A9534074E8F /* Pods_Dorm_a_ShopTests.framework in Frameworks */,
			);
			runOnlyForDeploymentPostprocessing = 0;
		};
		47A8A9C122DE3A32005D9520 /* Frameworks */ = {
			isa = PBXFrameworksBuildPhase;
			buildActionMask = 2147483647;
			files = (
				EECDD1FF4F471AAB79FA48C6 /* Pods_Dorm_a_ShopUITests.framework in Frameworks */,
			);
			runOnlyForDeploymentPostprocessing = 0;
		};
/* End PBXFrameworksBuildPhase section */

/* Begin PBXGroup section */
		3EE14F66B74B5CA47A713707 /* Pods */ = {
			isa = PBXGroup;
			children = (
				DAB21EC6927306F350ED2916 /* Pods-Dorm-a-Shop.debug.xcconfig */,
				4F391BB0A88FF785BA25E839 /* Pods-Dorm-a-Shop.release.xcconfig */,
				7B990968EF4F50E238A28966 /* Pods-Dorm-a-ShopTests.debug.xcconfig */,
				08E64F22EC47F3B5CBDAC20F /* Pods-Dorm-a-ShopTests.release.xcconfig */,
				263DD222A783046F1F35C90A /* Pods-Dorm-a-ShopUITests.debug.xcconfig */,
				241F52E5E4F95328E461C4ED /* Pods-Dorm-a-ShopUITests.release.xcconfig */,
			);
			path = Pods;
			sourceTree = "<group>";
		};
		47A8A99822DE3A30005D9520 = {
			isa = PBXGroup;
			children = (
				4715CDF122E7C21100E2E916 /* LocationManager.h */,
				4715CDF222E7C21100E2E916 /* LocationManager.m */,
				47A8A9A322DE3A30005D9520 /* Dorm-a-Shop */,
				47A8A9BC22DE3A32005D9520 /* Dorm-a-ShopTests */,
				47A8A9C722DE3A32005D9520 /* Dorm-a-ShopUITests */,
				47A8A9A222DE3A30005D9520 /* Products */,
				3EE14F66B74B5CA47A713707 /* Pods */,
				E96DFB8C6FE65C2CA1921A65 /* Frameworks */,
			);
			sourceTree = "<group>";
		};
		47A8A9A222DE3A30005D9520 /* Products */ = {
			isa = PBXGroup;
			children = (
				47A8A9A122DE3A30005D9520 /* Dorm-a-Shop.app */,
				47A8A9B922DE3A32005D9520 /* Dorm-a-ShopTests.xctest */,
				47A8A9C422DE3A32005D9520 /* Dorm-a-ShopUITests.xctest */,
			);
			name = Products;
			sourceTree = "<group>";
		};
		47A8A9A322DE3A30005D9520 /* Dorm-a-Shop */ = {
			isa = PBXGroup;
			children = (
				EA6732E422DF959A004E362F /* HelperFIles */,
				EA6732EC22DF95F5004E362F /* QAButton.h */,
				EA6732E922DF95F5004E362F /* QAButton.m */,
				EA6732EA22DF95F5004E362F /* QAView.h */,
				EA6732EB22DF95F5004E362F /* QAView.m */,
				EA6732E122DF94E4004E362F /* Utilities */,
				47A8A9E122DE4542005D9520 /* View Controllers */,
				47A8A9E222DE45BD005D9520 /* Views */,
				47A8A9DD22DE42F9005D9520 /* Models */,
				47A8A9AA22DE3A30005D9520 /* Main.storyboard */,
				47A8A9A422DE3A30005D9520 /* AppDelegate.h */,
				47A8A9A522DE3A30005D9520 /* AppDelegate.m */,
				4715CDD922E7942F00E2E916 /* DormAShop.xcdatamodeld */,
				47A8A9AD22DE3A32005D9520 /* Assets.xcassets */,
				47A8A9AF22DE3A32005D9520 /* LaunchScreen.storyboard */,
				47A8A9B222DE3A32005D9520 /* Info.plist */,
				47A8A9B322DE3A32005D9520 /* main.m */,
			);
			path = "Dorm-a-Shop";
			sourceTree = "<group>";
		};
		47A8A9BC22DE3A32005D9520 /* Dorm-a-ShopTests */ = {
			isa = PBXGroup;
			children = (
				47A8A9BD22DE3A32005D9520 /* Dorm_a_ShopTests.m */,
				47A8A9BF22DE3A32005D9520 /* Info.plist */,
			);
			path = "Dorm-a-ShopTests";
			sourceTree = "<group>";
		};
		47A8A9C722DE3A32005D9520 /* Dorm-a-ShopUITests */ = {
			isa = PBXGroup;
			children = (
				47A8A9C822DE3A32005D9520 /* Dorm_a_ShopUITests.m */,
				47A8A9CA22DE3A32005D9520 /* Info.plist */,
			);
			path = "Dorm-a-ShopUITests";
			sourceTree = "<group>";
		};
		47A8A9DD22DE42F9005D9520 /* Models */ = {
			isa = PBXGroup;
			children = (
				47A8A9D922DE42E5005D9520 /* Post.h */,
				47A8A9DA22DE42E5005D9520 /* Post.m */,
				47A8A9F522E291F1005D9520 /* PostManager.h */,
				47A8A9F622E291F1005D9520 /* PostManager.m */,
				DE4FD00C22E90A0900B1311F /* ClientManager.h */,
				DE4FD00D22E90A0900B1311F /* ClientManager.m */,
			);
			path = Models;
			sourceTree = "<group>";
		};
		47A8A9E122DE4542005D9520 /* View Controllers */ = {
			isa = PBXGroup;
			children = (
				DE4FCFD822E686DE00B1311F /* EditProfileVC.h */,
				DE4FCFD922E686DE00B1311F /* EditProfileVC.m */,
				EA6732DC22DF931C004E362F /* SignUpVC.h */,
				EA6732DD22DF931C004E362F /* SignUpVC.m */,
				EA6732F522DFAB25004E362F /* SignInVC.h */,
				EA6732F622DFAB25004E362F /* SignInVC.m */,
				47A8A9DE22DE453C005D9520 /* HomeScreenViewController.h */,
				47A8A9DF22DE453C005D9520 /* HomeScreenViewController.m */,
				DE307FFB22DE7BE900418DE3 /* UploadViewController.h */,
				DE307FFC22DE7BE900418DE3 /* UploadViewController.m */,
				47A8A9E922DE7B2B005D9520 /* DetailsViewController.h */,
				47A8A9EA22DE7B2B005D9520 /* DetailsViewController.m */,
				DE307FFE22DFD20500418DE3 /* ProfileViewController.h */,
				DE307FFF22DFD20500418DE3 /* ProfileViewController.m */,
				47A8A9EF22E12528005D9520 /* WatchListViewController.h */,
				47A8A9F022E12528005D9520 /* WatchListViewController.m */,
				DEFE7C8722E640DF006E3096 /* SearchViewController.h */,
				DEFE7C8822E640DF006E3096 /* SearchViewController.m */,
				DE4FCFD222E66FE500B1311F /* InboxViewController.h */,
				DE4FCFD322E66FE500B1311F /* InboxViewController.m */,
				DE4FCFD522E6744100B1311F /* MessageViewController.h */,
				DE4FCFD622E6744100B1311F /* MessageViewController.m */,
			);
			path = "View Controllers";
			sourceTree = "<group>";
		};
		47A8A9E222DE45BD005D9520 /* Views */ = {
			isa = PBXGroup;
			children = (
				EA03725C22E6501B00354DA2 /* ChatCell.h */,
				EA03725D22E6501B00354DA2 /* ChatCell.m */,
				47A8A9E322DE45EF005D9520 /* PostTableViewCell.h */,
				47A8A9E422DE45EF005D9520 /* PostTableViewCell.m */,
				DED744F622DFE0A400394748 /* PostCollectionViewCell.h */,
				DED744F722DFE0A400394748 /* PostCollectionViewCell.m */,
				DEFE7C8A22E64347006E3096 /* UserCell.h */,
				DEFE7C8B22E64347006E3096 /* UserCell.m */,
			);
			path = Views;
			sourceTree = "<group>";
		};
		E96DFB8C6FE65C2CA1921A65 /* Frameworks */ = {
			isa = PBXGroup;
			children = (
				4715CD9322E7914800E2E916 /* CoreData.framework */,
				4268938640FC639A22F54977 /* Pods_Dorm_a_Shop.framework */,
				B0F27A5835AC43FFDCD492CA /* Pods_Dorm_a_ShopTests.framework */,
				4F9FAC4896E8B29719A398C9 /* Pods_Dorm_a_ShopUITests.framework */,
			);
			name = Frameworks;
			sourceTree = "<group>";
		};
		EA6732E122DF94E4004E362F /* Utilities */ = {
			isa = PBXGroup;
			children = (
				EA6732F222DF96DE004E362F /* Utils.h */,
				EA6732F322DF96DE004E362F /* Utils.m */,
			);
			name = Utilities;
			path = ..;
			sourceTree = "<group>";
		};
		EA6732E422DF959A004E362F /* HelperFIles */ = {
			isa = PBXGroup;
			children = (
				EA6732E522DF95C8004E362F /* Navajo */,
			);
			name = HelperFIles;
			path = ..;
			sourceTree = "<group>";
		};
		EA6732E522DF95C8004E362F /* Navajo */ = {
			isa = PBXGroup;
			children = (
				EA6732E622DF95E0004E362F /* NJOPasswordStrengthEvaluator.h */,
				EA6732E722DF95E0004E362F /* NJOPasswordStrengthEvaluator.m */,
			);
			name = Navajo;
			sourceTree = "<group>";
		};
/* End PBXGroup section */

/* Begin PBXNativeTarget section */
		47A8A9A022DE3A30005D9520 /* Dorm-a-Shop */ = {
			isa = PBXNativeTarget;
			buildConfigurationList = 47A8A9CD22DE3A32005D9520 /* Build configuration list for PBXNativeTarget "Dorm-a-Shop" */;
			buildPhases = (
				9CE361FB7B65C3BDF8420748 /* [CP] Check Pods Manifest.lock */,
				47A8A99D22DE3A30005D9520 /* Sources */,
				47A8A99E22DE3A30005D9520 /* Frameworks */,
				47A8A99F22DE3A30005D9520 /* Resources */,
				679ACD980F6F2F86866DE6EB /* [CP] Embed Pods Frameworks */,
				5C86AEE08493B4AFE05CC9A1 /* [CP] Copy Pods Resources */,
			);
			buildRules = (
			);
			dependencies = (
			);
			name = "Dorm-a-Shop";
			productName = "Dorm-a-Shop";
			productReference = 47A8A9A122DE3A30005D9520 /* Dorm-a-Shop.app */;
			productType = "com.apple.product-type.application";
		};
		47A8A9B822DE3A32005D9520 /* Dorm-a-ShopTests */ = {
			isa = PBXNativeTarget;
			buildConfigurationList = 47A8A9D022DE3A32005D9520 /* Build configuration list for PBXNativeTarget "Dorm-a-ShopTests" */;
			buildPhases = (
				2118446522C112C3A0873610 /* [CP] Check Pods Manifest.lock */,
				47A8A9B522DE3A32005D9520 /* Sources */,
				47A8A9B622DE3A32005D9520 /* Frameworks */,
				47A8A9B722DE3A32005D9520 /* Resources */,
			);
			buildRules = (
			);
			dependencies = (
				47A8A9BB22DE3A32005D9520 /* PBXTargetDependency */,
			);
			name = "Dorm-a-ShopTests";
			productName = "Dorm-a-ShopTests";
			productReference = 47A8A9B922DE3A32005D9520 /* Dorm-a-ShopTests.xctest */;
			productType = "com.apple.product-type.bundle.unit-test";
		};
		47A8A9C322DE3A32005D9520 /* Dorm-a-ShopUITests */ = {
			isa = PBXNativeTarget;
			buildConfigurationList = 47A8A9D322DE3A32005D9520 /* Build configuration list for PBXNativeTarget "Dorm-a-ShopUITests" */;
			buildPhases = (
				5647514A8550D70B8F27EB23 /* [CP] Check Pods Manifest.lock */,
				47A8A9C022DE3A32005D9520 /* Sources */,
				47A8A9C122DE3A32005D9520 /* Frameworks */,
				47A8A9C222DE3A32005D9520 /* Resources */,
			);
			buildRules = (
			);
			dependencies = (
				47A8A9C622DE3A32005D9520 /* PBXTargetDependency */,
			);
			name = "Dorm-a-ShopUITests";
			productName = "Dorm-a-ShopUITests";
			productReference = 47A8A9C422DE3A32005D9520 /* Dorm-a-ShopUITests.xctest */;
			productType = "com.apple.product-type.bundle.ui-testing";
		};
/* End PBXNativeTarget section */

/* Begin PBXProject section */
		47A8A99922DE3A30005D9520 /* Project object */ = {
			isa = PBXProject;
			attributes = {
				LastUpgradeCheck = 1020;
				ORGANIZATIONNAME = ilanashapiro;
				TargetAttributes = {
					47A8A9A022DE3A30005D9520 = {
						CreatedOnToolsVersion = 10.2.1;
					};
					47A8A9B822DE3A32005D9520 = {
						CreatedOnToolsVersion = 10.2.1;
						TestTargetID = 47A8A9A022DE3A30005D9520;
					};
					47A8A9C322DE3A32005D9520 = {
						CreatedOnToolsVersion = 10.2.1;
						TestTargetID = 47A8A9A022DE3A30005D9520;
					};
				};
			};
			buildConfigurationList = 47A8A99C22DE3A30005D9520 /* Build configuration list for PBXProject "Dorm-a-Shop" */;
			compatibilityVersion = "Xcode 9.3";
			developmentRegion = en;
			hasScannedForEncodings = 0;
			knownRegions = (
				en,
				Base,
			);
			mainGroup = 47A8A99822DE3A30005D9520;
			productRefGroup = 47A8A9A222DE3A30005D9520 /* Products */;
			projectDirPath = "";
			projectRoot = "";
			targets = (
				47A8A9A022DE3A30005D9520 /* Dorm-a-Shop */,
				47A8A9B822DE3A32005D9520 /* Dorm-a-ShopTests */,
				47A8A9C322DE3A32005D9520 /* Dorm-a-ShopUITests */,
			);
		};
/* End PBXProject section */

/* Begin PBXResourcesBuildPhase section */
		47A8A99F22DE3A30005D9520 /* Resources */ = {
			isa = PBXResourcesBuildPhase;
			buildActionMask = 2147483647;
			files = (
				47A8A9B122DE3A32005D9520 /* LaunchScreen.storyboard in Resources */,
				47A8A9AE22DE3A32005D9520 /* Assets.xcassets in Resources */,
				47A8A9AC22DE3A30005D9520 /* Main.storyboard in Resources */,
			);
			runOnlyForDeploymentPostprocessing = 0;
		};
		47A8A9B722DE3A32005D9520 /* Resources */ = {
			isa = PBXResourcesBuildPhase;
			buildActionMask = 2147483647;
			files = (
			);
			runOnlyForDeploymentPostprocessing = 0;
		};
		47A8A9C222DE3A32005D9520 /* Resources */ = {
			isa = PBXResourcesBuildPhase;
			buildActionMask = 2147483647;
			files = (
			);
			runOnlyForDeploymentPostprocessing = 0;
		};
/* End PBXResourcesBuildPhase section */

/* Begin PBXShellScriptBuildPhase section */
		2118446522C112C3A0873610 /* [CP] Check Pods Manifest.lock */ = {
			isa = PBXShellScriptBuildPhase;
			buildActionMask = 2147483647;
			files = (
			);
			inputFileListPaths = (
			);
			inputPaths = (
				"${PODS_PODFILE_DIR_PATH}/Podfile.lock",
				"${PODS_ROOT}/Manifest.lock",
			);
			name = "[CP] Check Pods Manifest.lock";
			outputFileListPaths = (
			);
			outputPaths = (
				"$(DERIVED_FILE_DIR)/Pods-Dorm-a-ShopTests-checkManifestLockResult.txt",
			);
			runOnlyForDeploymentPostprocessing = 0;
			shellPath = /bin/sh;
			shellScript = "diff \"${PODS_PODFILE_DIR_PATH}/Podfile.lock\" \"${PODS_ROOT}/Manifest.lock\" > /dev/null\nif [ $? != 0 ] ; then\n    # print error to STDERR\n    echo \"error: The sandbox is not in sync with the Podfile.lock. Run 'pod install' or update your CocoaPods installation.\" >&2\n    exit 1\nfi\n# This output is used by Xcode 'outputs' to avoid re-running this script phase.\necho \"SUCCESS\" > \"${SCRIPT_OUTPUT_FILE_0}\"\n";
			showEnvVarsInLog = 0;
		};
		5647514A8550D70B8F27EB23 /* [CP] Check Pods Manifest.lock */ = {
			isa = PBXShellScriptBuildPhase;
			buildActionMask = 2147483647;
			files = (
			);
			inputFileListPaths = (
			);
			inputPaths = (
				"${PODS_PODFILE_DIR_PATH}/Podfile.lock",
				"${PODS_ROOT}/Manifest.lock",
			);
			name = "[CP] Check Pods Manifest.lock";
			outputFileListPaths = (
			);
			outputPaths = (
				"$(DERIVED_FILE_DIR)/Pods-Dorm-a-ShopUITests-checkManifestLockResult.txt",
			);
			runOnlyForDeploymentPostprocessing = 0;
			shellPath = /bin/sh;
			shellScript = "diff \"${PODS_PODFILE_DIR_PATH}/Podfile.lock\" \"${PODS_ROOT}/Manifest.lock\" > /dev/null\nif [ $? != 0 ] ; then\n    # print error to STDERR\n    echo \"error: The sandbox is not in sync with the Podfile.lock. Run 'pod install' or update your CocoaPods installation.\" >&2\n    exit 1\nfi\n# This output is used by Xcode 'outputs' to avoid re-running this script phase.\necho \"SUCCESS\" > \"${SCRIPT_OUTPUT_FILE_0}\"\n";
			showEnvVarsInLog = 0;
		};
		5C86AEE08493B4AFE05CC9A1 /* [CP] Copy Pods Resources */ = {
			isa = PBXShellScriptBuildPhase;
			buildActionMask = 2147483647;
			files = (
			);
			inputFileListPaths = (
				"${PODS_ROOT}/Target Support Files/Pods-Dorm-a-Shop/Pods-Dorm-a-Shop-resources-${CONFIGURATION}-input-files.xcfilelist",
			);
			name = "[CP] Copy Pods Resources";
			outputFileListPaths = (
				"${PODS_ROOT}/Target Support Files/Pods-Dorm-a-Shop/Pods-Dorm-a-Shop-resources-${CONFIGURATION}-output-files.xcfilelist",
			);
			runOnlyForDeploymentPostprocessing = 0;
			shellPath = /bin/sh;
			shellScript = "\"${PODS_ROOT}/Target Support Files/Pods-Dorm-a-Shop/Pods-Dorm-a-Shop-resources.sh\"\n";
			showEnvVarsInLog = 0;
		};
		679ACD980F6F2F86866DE6EB /* [CP] Embed Pods Frameworks */ = {
			isa = PBXShellScriptBuildPhase;
			buildActionMask = 2147483647;
			files = (
			);
			inputFileListPaths = (
				"${PODS_ROOT}/Target Support Files/Pods-Dorm-a-Shop/Pods-Dorm-a-Shop-frameworks-${CONFIGURATION}-input-files.xcfilelist",
			);
			name = "[CP] Embed Pods Frameworks";
			outputFileListPaths = (
				"${PODS_ROOT}/Target Support Files/Pods-Dorm-a-Shop/Pods-Dorm-a-Shop-frameworks-${CONFIGURATION}-output-files.xcfilelist",
			);
			runOnlyForDeploymentPostprocessing = 0;
			shellPath = /bin/sh;
			shellScript = "\"${PODS_ROOT}/Target Support Files/Pods-Dorm-a-Shop/Pods-Dorm-a-Shop-frameworks.sh\"\n";
			showEnvVarsInLog = 0;
		};
		9CE361FB7B65C3BDF8420748 /* [CP] Check Pods Manifest.lock */ = {
			isa = PBXShellScriptBuildPhase;
			buildActionMask = 2147483647;
			files = (
			);
			inputFileListPaths = (
			);
			inputPaths = (
				"${PODS_PODFILE_DIR_PATH}/Podfile.lock",
				"${PODS_ROOT}/Manifest.lock",
			);
			name = "[CP] Check Pods Manifest.lock";
			outputFileListPaths = (
			);
			outputPaths = (
				"$(DERIVED_FILE_DIR)/Pods-Dorm-a-Shop-checkManifestLockResult.txt",
			);
			runOnlyForDeploymentPostprocessing = 0;
			shellPath = /bin/sh;
			shellScript = "diff \"${PODS_PODFILE_DIR_PATH}/Podfile.lock\" \"${PODS_ROOT}/Manifest.lock\" > /dev/null\nif [ $? != 0 ] ; then\n    # print error to STDERR\n    echo \"error: The sandbox is not in sync with the Podfile.lock. Run 'pod install' or update your CocoaPods installation.\" >&2\n    exit 1\nfi\n# This output is used by Xcode 'outputs' to avoid re-running this script phase.\necho \"SUCCESS\" > \"${SCRIPT_OUTPUT_FILE_0}\"\n";
			showEnvVarsInLog = 0;
		};
/* End PBXShellScriptBuildPhase section */

/* Begin PBXSourcesBuildPhase section */
		47A8A99D22DE3A30005D9520 /* Sources */ = {
			isa = PBXSourcesBuildPhase;
			buildActionMask = 2147483647;
			files = (
				47A8A9E022DE453C005D9520 /* HomeScreenViewController.m in Sources */,
				DE4FCFDA22E686DF00B1311F /* EditProfileVC.m in Sources */,
				DEFE7C8C22E64347006E3096 /* UserCell.m in Sources */,
				47A8A9B422DE3A32005D9520 /* main.m in Sources */,
				DE4FCFD422E66FE500B1311F /* InboxViewController.m in Sources */,
				DED744F822DFE0A400394748 /* PostCollectionViewCell.m in Sources */,
				DE4FCFD722E6744100B1311F /* MessageViewController.m in Sources */,
				47A8A9A622DE3A30005D9520 /* AppDelegate.m in Sources */,
				4715CDDB22E7942F00E2E916 /* DormAShop.xcdatamodeld in Sources */,
				EA03725E22E6501B00354DA2 /* ChatCell.m in Sources */,
				DEFE7C8922E640DF006E3096 /* SearchViewController.m in Sources */,
				EA6732F422DF96DE004E362F /* Utils.m in Sources */,
				DE30800022DFD20500418DE3 /* ProfileViewController.m in Sources */,
				47A8A9F122E12528005D9520 /* WatchListViewController.m in Sources */,
				DE307FFD22DE7BE900418DE3 /* UploadViewController.m in Sources */,
				EA6732EE22DF95F5004E362F /* QAView.m in Sources */,
				EA6732DE22DF931C004E362F /* SignUpVC.m in Sources */,
				EA6732ED22DF95F5004E362F /* QAButton.m in Sources */,
				47A8A9F722E291F1005D9520 /* PostManager.m in Sources */,
				47A8A9EB22DE7B2B005D9520 /* DetailsViewController.m in Sources */,
				47A8A9DB22DE42E5005D9520 /* Post.m in Sources */,
				4715CDF322E7C21100E2E916 /* LocationManager.m in Sources */,
				47A8A9E522DE45EF005D9520 /* PostTableViewCell.m in Sources */,
				EA6732E822DF95E0004E362F /* NJOPasswordStrengthEvaluator.m in Sources */,
				DE4FD00E22E90A0900B1311F /* ClientManager.m in Sources */,
				EA6732F722DFAB25004E362F /* SignInVC.m in Sources */,
			);
			runOnlyForDeploymentPostprocessing = 0;
		};
		47A8A9B522DE3A32005D9520 /* Sources */ = {
			isa = PBXSourcesBuildPhase;
			buildActionMask = 2147483647;
			files = (
				47A8A9BE22DE3A32005D9520 /* Dorm_a_ShopTests.m in Sources */,
			);
			runOnlyForDeploymentPostprocessing = 0;
		};
		47A8A9C022DE3A32005D9520 /* Sources */ = {
			isa = PBXSourcesBuildPhase;
			buildActionMask = 2147483647;
			files = (
				47A8A9C922DE3A32005D9520 /* Dorm_a_ShopUITests.m in Sources */,
			);
			runOnlyForDeploymentPostprocessing = 0;
		};
/* End PBXSourcesBuildPhase section */

/* Begin PBXTargetDependency section */
		47A8A9BB22DE3A32005D9520 /* PBXTargetDependency */ = {
			isa = PBXTargetDependency;
			target = 47A8A9A022DE3A30005D9520 /* Dorm-a-Shop */;
			targetProxy = 47A8A9BA22DE3A32005D9520 /* PBXContainerItemProxy */;
		};
		47A8A9C622DE3A32005D9520 /* PBXTargetDependency */ = {
			isa = PBXTargetDependency;
			target = 47A8A9A022DE3A30005D9520 /* Dorm-a-Shop */;
			targetProxy = 47A8A9C522DE3A32005D9520 /* PBXContainerItemProxy */;
		};
/* End PBXTargetDependency section */

/* Begin PBXVariantGroup section */
		47A8A9AA22DE3A30005D9520 /* Main.storyboard */ = {
			isa = PBXVariantGroup;
			children = (
				47A8A9AB22DE3A30005D9520 /* Base */,
			);
			name = Main.storyboard;
			sourceTree = "<group>";
		};
		47A8A9AF22DE3A32005D9520 /* LaunchScreen.storyboard */ = {
			isa = PBXVariantGroup;
			children = (
				47A8A9B022DE3A32005D9520 /* Base */,
			);
			name = LaunchScreen.storyboard;
			sourceTree = "<group>";
		};
/* End PBXVariantGroup section */

/* Begin XCBuildConfiguration section */
		47A8A9CB22DE3A32005D9520 /* Debug */ = {
			isa = XCBuildConfiguration;
			buildSettings = {
				ALWAYS_SEARCH_USER_PATHS = NO;
				CLANG_ANALYZER_NONNULL = YES;
				CLANG_ANALYZER_NUMBER_OBJECT_CONVERSION = YES_AGGRESSIVE;
				CLANG_CXX_LANGUAGE_STANDARD = "gnu++14";
				CLANG_CXX_LIBRARY = "libc++";
				CLANG_ENABLE_MODULES = YES;
				CLANG_ENABLE_OBJC_ARC = YES;
				CLANG_ENABLE_OBJC_WEAK = YES;
				CLANG_WARN_BLOCK_CAPTURE_AUTORELEASING = YES;
				CLANG_WARN_BOOL_CONVERSION = YES;
				CLANG_WARN_COMMA = YES;
				CLANG_WARN_CONSTANT_CONVERSION = YES;
				CLANG_WARN_DEPRECATED_OBJC_IMPLEMENTATIONS = YES;
				CLANG_WARN_DIRECT_OBJC_ISA_USAGE = YES_ERROR;
				CLANG_WARN_DOCUMENTATION_COMMENTS = YES;
				CLANG_WARN_EMPTY_BODY = YES;
				CLANG_WARN_ENUM_CONVERSION = YES;
				CLANG_WARN_INFINITE_RECURSION = YES;
				CLANG_WARN_INT_CONVERSION = YES;
				CLANG_WARN_NON_LITERAL_NULL_CONVERSION = YES;
				CLANG_WARN_OBJC_IMPLICIT_RETAIN_SELF = YES;
				CLANG_WARN_OBJC_LITERAL_CONVERSION = YES;
				CLANG_WARN_OBJC_ROOT_CLASS = YES_ERROR;
				CLANG_WARN_RANGE_LOOP_ANALYSIS = YES;
				CLANG_WARN_STRICT_PROTOTYPES = YES;
				CLANG_WARN_SUSPICIOUS_MOVE = YES;
				CLANG_WARN_UNGUARDED_AVAILABILITY = YES_AGGRESSIVE;
				CLANG_WARN_UNREACHABLE_CODE = YES;
				CLANG_WARN__DUPLICATE_METHOD_MATCH = YES;
				CODE_SIGN_IDENTITY = "iPhone Developer";
				COPY_PHASE_STRIP = NO;
				DEBUG_INFORMATION_FORMAT = dwarf;
				ENABLE_STRICT_OBJC_MSGSEND = YES;
				ENABLE_TESTABILITY = YES;
				GCC_C_LANGUAGE_STANDARD = gnu11;
				GCC_DYNAMIC_NO_PIC = NO;
				GCC_NO_COMMON_BLOCKS = YES;
				GCC_OPTIMIZATION_LEVEL = 0;
				GCC_PREPROCESSOR_DEFINITIONS = (
					"DEBUG=1",
					"$(inherited)",
				);
				GCC_WARN_64_TO_32_BIT_CONVERSION = YES;
				GCC_WARN_ABOUT_RETURN_TYPE = YES_ERROR;
				GCC_WARN_UNDECLARED_SELECTOR = YES;
				GCC_WARN_UNINITIALIZED_AUTOS = YES_AGGRESSIVE;
				GCC_WARN_UNUSED_FUNCTION = YES;
				GCC_WARN_UNUSED_VARIABLE = YES;
				IPHONEOS_DEPLOYMENT_TARGET = 12.2;
				MTL_ENABLE_DEBUG_INFO = INCLUDE_SOURCE;
				MTL_FAST_MATH = YES;
				ONLY_ACTIVE_ARCH = YES;
				OTHER_LDFLAGS = "";
				SDKROOT = iphoneos;
			};
			name = Debug;
		};
		47A8A9CC22DE3A32005D9520 /* Release */ = {
			isa = XCBuildConfiguration;
			buildSettings = {
				ALWAYS_SEARCH_USER_PATHS = NO;
				CLANG_ANALYZER_NONNULL = YES;
				CLANG_ANALYZER_NUMBER_OBJECT_CONVERSION = YES_AGGRESSIVE;
				CLANG_CXX_LANGUAGE_STANDARD = "gnu++14";
				CLANG_CXX_LIBRARY = "libc++";
				CLANG_ENABLE_MODULES = YES;
				CLANG_ENABLE_OBJC_ARC = YES;
				CLANG_ENABLE_OBJC_WEAK = YES;
				CLANG_WARN_BLOCK_CAPTURE_AUTORELEASING = YES;
				CLANG_WARN_BOOL_CONVERSION = YES;
				CLANG_WARN_COMMA = YES;
				CLANG_WARN_CONSTANT_CONVERSION = YES;
				CLANG_WARN_DEPRECATED_OBJC_IMPLEMENTATIONS = YES;
				CLANG_WARN_DIRECT_OBJC_ISA_USAGE = YES_ERROR;
				CLANG_WARN_DOCUMENTATION_COMMENTS = YES;
				CLANG_WARN_EMPTY_BODY = YES;
				CLANG_WARN_ENUM_CONVERSION = YES;
				CLANG_WARN_INFINITE_RECURSION = YES;
				CLANG_WARN_INT_CONVERSION = YES;
				CLANG_WARN_NON_LITERAL_NULL_CONVERSION = YES;
				CLANG_WARN_OBJC_IMPLICIT_RETAIN_SELF = YES;
				CLANG_WARN_OBJC_LITERAL_CONVERSION = YES;
				CLANG_WARN_OBJC_ROOT_CLASS = YES_ERROR;
				CLANG_WARN_RANGE_LOOP_ANALYSIS = YES;
				CLANG_WARN_STRICT_PROTOTYPES = YES;
				CLANG_WARN_SUSPICIOUS_MOVE = YES;
				CLANG_WARN_UNGUARDED_AVAILABILITY = YES_AGGRESSIVE;
				CLANG_WARN_UNREACHABLE_CODE = YES;
				CLANG_WARN__DUPLICATE_METHOD_MATCH = YES;
				CODE_SIGN_IDENTITY = "iPhone Developer";
				COPY_PHASE_STRIP = NO;
				DEBUG_INFORMATION_FORMAT = "dwarf-with-dsym";
				ENABLE_NS_ASSERTIONS = NO;
				ENABLE_STRICT_OBJC_MSGSEND = YES;
				GCC_C_LANGUAGE_STANDARD = gnu11;
				GCC_NO_COMMON_BLOCKS = YES;
				GCC_WARN_64_TO_32_BIT_CONVERSION = YES;
				GCC_WARN_ABOUT_RETURN_TYPE = YES_ERROR;
				GCC_WARN_UNDECLARED_SELECTOR = YES;
				GCC_WARN_UNINITIALIZED_AUTOS = YES_AGGRESSIVE;
				GCC_WARN_UNUSED_FUNCTION = YES;
				GCC_WARN_UNUSED_VARIABLE = YES;
				IPHONEOS_DEPLOYMENT_TARGET = 12.2;
				MTL_ENABLE_DEBUG_INFO = NO;
				MTL_FAST_MATH = YES;
				OTHER_LDFLAGS = "";
				SDKROOT = iphoneos;
				VALIDATE_PRODUCT = YES;
			};
			name = Release;
		};
		47A8A9CE22DE3A32005D9520 /* Debug */ = {
			isa = XCBuildConfiguration;
			baseConfigurationReference = DAB21EC6927306F350ED2916 /* Pods-Dorm-a-Shop.debug.xcconfig */;
			buildSettings = {
				ASSETCATALOG_COMPILER_APPICON_NAME = AppIcon;
				CODE_SIGN_STYLE = Automatic;
				DEVELOPMENT_TEAM = A3A3BF55QH;
				INFOPLIST_FILE = "Dorm-a-Shop/Info.plist";
				LD_RUNPATH_SEARCH_PATHS = (
					"$(inherited)",
					"@executable_path/Frameworks",
				);
				PRODUCT_BUNDLE_IDENTIFIER = "addisonzxy-gmail.com-Dorm-a-Shop";
				PRODUCT_NAME = "$(TARGET_NAME)";
				TARGETED_DEVICE_FAMILY = "1,2";
			};
			name = Debug;
		};
		47A8A9CF22DE3A32005D9520 /* Release */ = {
			isa = XCBuildConfiguration;
			baseConfigurationReference = 4F391BB0A88FF785BA25E839 /* Pods-Dorm-a-Shop.release.xcconfig */;
			buildSettings = {
				ASSETCATALOG_COMPILER_APPICON_NAME = AppIcon;
				CODE_SIGN_STYLE = Automatic;
				DEVELOPMENT_TEAM = A3A3BF55QH;
				INFOPLIST_FILE = "Dorm-a-Shop/Info.plist";
				LD_RUNPATH_SEARCH_PATHS = (
					"$(inherited)",
					"@executable_path/Frameworks",
				);
				PRODUCT_BUNDLE_IDENTIFIER = "addisonzxy-gmail.com-Dorm-a-Shop";
				PRODUCT_NAME = "$(TARGET_NAME)";
				TARGETED_DEVICE_FAMILY = "1,2";
			};
			name = Release;
		};
		47A8A9D122DE3A32005D9520 /* Debug */ = {
			isa = XCBuildConfiguration;
			baseConfigurationReference = 7B990968EF4F50E238A28966 /* Pods-Dorm-a-ShopTests.debug.xcconfig */;
			buildSettings = {
				BUNDLE_LOADER = "$(TEST_HOST)";
				CODE_SIGN_STYLE = Automatic;
				INFOPLIST_FILE = "Dorm-a-ShopTests/Info.plist";
				LD_RUNPATH_SEARCH_PATHS = (
					"$(inherited)",
					"@executable_path/Frameworks",
					"@loader_path/Frameworks",
				);
				PRODUCT_BUNDLE_IDENTIFIER = "com.ilanashapiro.Dorm-a-ShopTests";
				PRODUCT_NAME = "$(TARGET_NAME)";
				TARGETED_DEVICE_FAMILY = "1,2";
				TEST_HOST = "$(BUILT_PRODUCTS_DIR)/Dorm-a-Shop.app/Dorm-a-Shop";
			};
			name = Debug;
		};
		47A8A9D222DE3A32005D9520 /* Release */ = {
			isa = XCBuildConfiguration;
			baseConfigurationReference = 08E64F22EC47F3B5CBDAC20F /* Pods-Dorm-a-ShopTests.release.xcconfig */;
			buildSettings = {
				BUNDLE_LOADER = "$(TEST_HOST)";
				CODE_SIGN_STYLE = Automatic;
				INFOPLIST_FILE = "Dorm-a-ShopTests/Info.plist";
				LD_RUNPATH_SEARCH_PATHS = (
					"$(inherited)",
					"@executable_path/Frameworks",
					"@loader_path/Frameworks",
				);
				PRODUCT_BUNDLE_IDENTIFIER = "com.ilanashapiro.Dorm-a-ShopTests";
				PRODUCT_NAME = "$(TARGET_NAME)";
				TARGETED_DEVICE_FAMILY = "1,2";
				TEST_HOST = "$(BUILT_PRODUCTS_DIR)/Dorm-a-Shop.app/Dorm-a-Shop";
			};
			name = Release;
		};
		47A8A9D422DE3A32005D9520 /* Debug */ = {
			isa = XCBuildConfiguration;
			baseConfigurationReference = 263DD222A783046F1F35C90A /* Pods-Dorm-a-ShopUITests.debug.xcconfig */;
			buildSettings = {
				CODE_SIGN_STYLE = Automatic;
				INFOPLIST_FILE = "Dorm-a-ShopUITests/Info.plist";
				LD_RUNPATH_SEARCH_PATHS = (
					"$(inherited)",
					"@executable_path/Frameworks",
					"@loader_path/Frameworks",
				);
				PRODUCT_BUNDLE_IDENTIFIER = "com.ilanashapiro.Dorm-a-ShopUITests";
				PRODUCT_NAME = "$(TARGET_NAME)";
				TARGETED_DEVICE_FAMILY = "1,2";
				TEST_TARGET_NAME = "Dorm-a-Shop";
			};
			name = Debug;
		};
		47A8A9D522DE3A32005D9520 /* Release */ = {
			isa = XCBuildConfiguration;
			baseConfigurationReference = 241F52E5E4F95328E461C4ED /* Pods-Dorm-a-ShopUITests.release.xcconfig */;
			buildSettings = {
				CODE_SIGN_STYLE = Automatic;
				INFOPLIST_FILE = "Dorm-a-ShopUITests/Info.plist";
				LD_RUNPATH_SEARCH_PATHS = (
					"$(inherited)",
					"@executable_path/Frameworks",
					"@loader_path/Frameworks",
				);
				PRODUCT_BUNDLE_IDENTIFIER = "com.ilanashapiro.Dorm-a-ShopUITests";
				PRODUCT_NAME = "$(TARGET_NAME)";
				TARGETED_DEVICE_FAMILY = "1,2";
				TEST_TARGET_NAME = "Dorm-a-Shop";
			};
			name = Release;
		};
/* End XCBuildConfiguration section */

/* Begin XCConfigurationList section */
		47A8A99C22DE3A30005D9520 /* Build configuration list for PBXProject "Dorm-a-Shop" */ = {
			isa = XCConfigurationList;
			buildConfigurations = (
				47A8A9CB22DE3A32005D9520 /* Debug */,
				47A8A9CC22DE3A32005D9520 /* Release */,
			);
			defaultConfigurationIsVisible = 0;
			defaultConfigurationName = Release;
		};
		47A8A9CD22DE3A32005D9520 /* Build configuration list for PBXNativeTarget "Dorm-a-Shop" */ = {
			isa = XCConfigurationList;
			buildConfigurations = (
				47A8A9CE22DE3A32005D9520 /* Debug */,
				47A8A9CF22DE3A32005D9520 /* Release */,
			);
			defaultConfigurationIsVisible = 0;
			defaultConfigurationName = Release;
		};
		47A8A9D022DE3A32005D9520 /* Build configuration list for PBXNativeTarget "Dorm-a-ShopTests" */ = {
			isa = XCConfigurationList;
			buildConfigurations = (
				47A8A9D122DE3A32005D9520 /* Debug */,
				47A8A9D222DE3A32005D9520 /* Release */,
			);
			defaultConfigurationIsVisible = 0;
			defaultConfigurationName = Release;
		};
		47A8A9D322DE3A32005D9520 /* Build configuration list for PBXNativeTarget "Dorm-a-ShopUITests" */ = {
			isa = XCConfigurationList;
			buildConfigurations = (
				47A8A9D422DE3A32005D9520 /* Debug */,
				47A8A9D522DE3A32005D9520 /* Release */,
			);
			defaultConfigurationIsVisible = 0;
			defaultConfigurationName = Release;
		};
/* End XCConfigurationList section */

/* Begin XCVersionGroup section */
		4715CDD922E7942F00E2E916 /* DormAShop.xcdatamodeld */ = {
			isa = XCVersionGroup;
			children = (
				4715CDDA22E7942F00E2E916 /* DormAShop.xcdatamodel */,
			);
			currentVersion = 4715CDDA22E7942F00E2E916 /* DormAShop.xcdatamodel */;
			path = DormAShop.xcdatamodeld;
			sourceTree = "<group>";
			versionGroupType = wrapper.xcdatamodel;
		};
/* End XCVersionGroup section */
	};
	rootObject = 47A8A99922DE3A30005D9520 /* Project object */;
}
